
Microsoft Visual Studio Solution File, Format Version 12.00
# Visual Studio Version 17
VisualStudioVersion = 17.0.31710.8
MinimumVisualStudioVersion = 10.0.40219.1
Project("{9A19103F-16F7-4668-BE54-9A1E7A4F7556}") = "RdpFacility", "RdpFacility.csproj", "{8D60994E-462C-45CD-923A-D46DB9A6A290}"
EndProject
Project("{9A19103F-16F7-4668-BE54-9A1E7A4F7556}") = "CI.Standard.Lib", "D:\g\CI-Reimagined-Invention\Src\CI-RI\CI.Standard.Lib\CI.Standard.Lib.csproj", "{0A8EF5D2-2AE6-46D2-AD81-D6056190D568}"
EndProject
Global
	GlobalSection(SolutionConfigurationPlatforms) = preSolution
		Debug|Any CPU = Debug|Any CPU
		Debug|x64 = Debug|x64
		Debug|x86 = Debug|x86
		Release|Any CPU = Release|Any CPU
		Release|x64 = Release|x64
		Release|x86 = Release|x86
	EndGlobalSection
	GlobalSection(ProjectConfigurationPlatforms) = postSolution
		{8D60994E-462C-45CD-923A-D46DB9A6A290}.Debug|Any CPU.ActiveCfg = Debug|Any CPU
		{8D60994E-462C-45CD-923A-D46DB9A6A290}.Debug|Any CPU.Build.0 = Debug|Any CPU
		{8D60994E-462C-45CD-923A-D46DB9A6A290}.Debug|x64.ActiveCfg = Debug|x64
		{8D60994E-462C-45CD-923A-D46DB9A6A290}.Debug|x64.Build.0 = Debug|x64
		{8D60994E-462C-45CD-923A-D46DB9A6A290}.Debug|x86.ActiveCfg = Debug|Any CPU
		{8D60994E-462C-45CD-923A-D46DB9A6A290}.Debug|x86.Build.0 = Debug|Any CPU
		{8D60994E-462C-45CD-923A-D46DB9A6A290}.Release|Any CPU.ActiveCfg = Release|Any CPU
		{8D60994E-462C-45CD-923A-D46DB9A6A290}.Release|Any CPU.Build.0 = Release|Any CPU
		{8D60994E-462C-45CD-923A-D46DB9A6A290}.Release|x64.ActiveCfg = Release|x64
		{8D60994E-462C-45CD-923A-D46DB9A6A290}.Release|x64.Build.0 = Release|x64
		{8D60994E-462C-45CD-923A-D46DB9A6A290}.Release|x86.ActiveCfg = Release|Any CPU
		{8D60994E-462C-45CD-923A-D46DB9A6A290}.Release|x86.Build.0 = Release|Any CPU
		{0A8EF5D2-2AE6-46D2-AD81-D6056190D568}.Debug|Any CPU.ActiveCfg = Debug|Any CPU
		{0A8EF5D2-2AE6-46D2-AD81-D6056190D568}.Debug|Any CPU.Build.0 = Debug|Any CPU
		{0A8EF5D2-2AE6-46D2-AD81-D6056190D568}.Debug|x64.ActiveCfg = Debug|x64
		{0A8EF5D2-2AE6-46D2-AD81-D6056190D568}.Debug|x64.Build.0 = Debug|x64
		{0A8EF5D2-2AE6-46D2-AD81-D6056190D568}.Debug|x86.ActiveCfg = Debug|x86
		{0A8EF5D2-2AE6-46D2-AD81-D6056190D568}.Debug|x86.Build.0 = Debug|x86
		{0A8EF5D2-2AE6-46D2-AD81-D6056190D568}.Release|Any CPU.ActiveCfg = Release|Any CPU
		{0A8EF5D2-2AE6-46D2-AD81-D6056190D568}.Release|Any CPU.Build.0 = Release|Any CPU
		{0A8EF5D2-2AE6-46D2-AD81-D6056190D568}.Release|x64.ActiveCfg = Release|x64
		{0A8EF5D2-2AE6-46D2-AD81-D6056190D568}.Release|x64.Build.0 = Release|x64
		{0A8EF5D2-2AE6-46D2-AD81-D6056190D568}.Release|x86.ActiveCfg = Release|x86
		{0A8EF5D2-2AE6-46D2-AD81-D6056190D568}.Release|x86.Build.0 = Release|x86
	EndGlobalSection
	GlobalSection(SolutionProperties) = preSolution
		HideSolutionNode = FALSE
	EndGlobalSection
	GlobalSection(ExtensibilityGlobals) = postSolution
		SolutionGuid = {F1D14777-6F36-4609-9D1F-58DDD685791B}
	EndGlobalSection
EndGlobal
