
Microsoft Visual Studio Solution File, Format Version 12.00
# Visual Studio Version 17
VisualStudioVersion = 17.2.32526.322
MinimumVisualStudioVersion = 10.0.40219.1
Project("{9A19103F-16F7-4668-BE54-9A1E7A4F7556}") = "HelloTeams", "HelloTeams\HelloTeams.csproj", "{2432CD1D-8B32-4E3D-B885-558C4ACDB17F}"
EndProject
Project("{9A19103F-16F7-4668-BE54-9A1E7A4F7556}") = "TabOnlyApp", "TabOnlyApp\TabOnlyApp.csproj", "{39CC23DF-B7A9-443E-BE75-A6B80E35B168}"
EndProject
Project("{9A19103F-16F7-4668-BE54-9A1E7A4F7556}") = "BotOnlyApp", "BotOnlyApp\BotOnlyApp.csproj", "{2F6FD44E-A33A-434C-ADC5-10E12E91D964}"
EndProject
Global
	GlobalSection(SolutionConfigurationPlatforms) = preSolution
		Debug|Any CPU = Debug|Any CPU
		Release|Any CPU = Release|Any CPU
	EndGlobalSection
	GlobalSection(ProjectConfigurationPlatforms) = postSolution
		{2432CD1D-8B32-4E3D-B885-558C4ACDB17F}.Debug|Any CPU.ActiveCfg = Debug|Any CPU
		{2432CD1D-8B32-4E3D-B885-558C4ACDB17F}.Debug|Any CPU.Build.0 = Debug|Any CPU
		{2432CD1D-8B32-4E3D-B885-558C4ACDB17F}.Release|Any CPU.ActiveCfg = Release|Any CPU
		{2432CD1D-8B32-4E3D-B885-558C4ACDB17F}.Release|Any CPU.Build.0 = Release|Any CPU
		{39CC23DF-B7A9-443E-BE75-A6B80E35B168}.Debug|Any CPU.ActiveCfg = Debug|Any CPU
		{39CC23DF-B7A9-443E-BE75-A6B80E35B168}.Debug|Any CPU.Build.0 = Debug|Any CPU
		{39CC23DF-B7A9-443E-BE75-A6B80E35B168}.Release|Any CPU.ActiveCfg = Release|Any CPU
		{39CC23DF-B7A9-443E-BE75-A6B80E35B168}.Release|Any CPU.Build.0 = Release|Any CPU
		{2F6FD44E-A33A-434C-ADC5-10E12E91D964}.Debug|Any CPU.ActiveCfg = Debug|Any CPU
		{2F6FD44E-A33A-434C-ADC5-10E12E91D964}.Debug|Any CPU.Build.0 = Debug|Any CPU
		{2F6FD44E-A33A-434C-ADC5-10E12E91D964}.Release|Any CPU.ActiveCfg = Release|Any CPU
		{2F6FD44E-A33A-434C-ADC5-10E12E91D964}.Release|Any CPU.Build.0 = Release|Any CPU
	EndGlobalSection
	GlobalSection(SolutionProperties) = preSolution
		HideSolutionNode = FALSE
	EndGlobalSection
	GlobalSection(ExtensibilityGlobals) = postSolution
		SolutionGuid = {9551801F-579A-4271-AF4A-5A73166C087E}
	EndGlobalSection
EndGlobal
