
Microsoft Visual Studio Solution File, Format Version 12.00
# Visual Studio Version 16
VisualStudioVersion = 16.0.30804.86
MinimumVisualStudioVersion = 10.0.40219.1
Project("{9A19103F-16F7-4668-BE54-9A1E7A4F7556}") = "CI.Visual.Lib", "CI.Visual.Lib\CI.Visual.Lib.csproj", "{AE96A3DC-DF2B-47DF-BBB8-9B8FF39A6BE7}"
EndProject
Project("{9A19103F-16F7-4668-BE54-9A1E7A4F7556}") = "DB.Inventory", "..\..\..\CI-Reimagined-Invention\Src\CI-RI\DB.Inventory\DB.Inventory.csproj", "{83E5A4B5-6DD1-47B7-9ED6-C48A9FA7F816}"
EndProject
Project("{2150E333-8FDC-42A3-9474-1A3956D46DE8}") = "Shared", "Shared", "{740A5F15-4D2B-43FA-BB71-CFC0EC7E35E4}"
EndProject
Project("{2150E333-8FDC-42A3-9474-1A3956D46DE8}") = "Mvvm", "Mvvm", "{D7893BED-216B-4EFA-B970-4387B81AF045}"
EndProject
Project("{9A19103F-16F7-4668-BE54-9A1E7A4F7556}") = "CI.DataSmarts", "CI.DataSmarts\CI.DataSmarts.csproj", "{E99DD1D5-9D41-4E45-9D39-46018A1958AA}"
EndProject
Project("{9A19103F-16F7-4668-BE54-9A1E7A4F7556}") = "CI.DS.Visual", "CI.DS.Visual\CI.DS.Visual.csproj", "{9A3FE6D1-8843-4406-BEBD-3D32BF235DDB}"
EndProject
Project("{9A19103F-16F7-4668-BE54-9A1E7A4F7556}") = "CI.DS.ViewModel", "CI.DS.ViewModel\CI.DS.ViewModel.csproj", "{D5EF0FB7-1F2E-4E06-BFEE-103879D36519}"
EndProject
Project("{9A19103F-16F7-4668-BE54-9A1E7A4F7556}") = "CI.Standard.Lib", "CI.Standard.Lib\CI.Standard.Lib.csproj", "{847933D2-544D-472A-A88C-0704D5956C9D}"
EndProject
Project("{9A19103F-16F7-4668-BE54-9A1E7A4F7556}") = "WindowsFormsLib", "..\..\..\AAV.Shared\Src\Net6.0\WindowsFormsLib\WindowsFormsLib.csproj", "{90466379-2AB2-4EEB-817B-86D6C96C1EBE}"
EndProject
Global
	GlobalSection(SolutionConfigurationPlatforms) = preSolution
		Debug|Any CPU = Debug|Any CPU
		Debug|ARM = Debug|ARM
		Debug|ARM64 = Debug|ARM64
		Debug|x64 = Debug|x64
		Debug|x86 = Debug|x86
		Release|Any CPU = Release|Any CPU
		Release|ARM = Release|ARM
		Release|ARM64 = Release|ARM64
		Release|x64 = Release|x64
		Release|x86 = Release|x86
	EndGlobalSection
	GlobalSection(ProjectConfigurationPlatforms) = postSolution
		{AE96A3DC-DF2B-47DF-BBB8-9B8FF39A6BE7}.Debug|Any CPU.ActiveCfg = Debug|Any CPU
		{AE96A3DC-DF2B-47DF-BBB8-9B8FF39A6BE7}.Debug|Any CPU.Build.0 = Debug|Any CPU
		{AE96A3DC-DF2B-47DF-BBB8-9B8FF39A6BE7}.Debug|ARM.ActiveCfg = Debug|Any CPU
		{AE96A3DC-DF2B-47DF-BBB8-9B8FF39A6BE7}.Debug|ARM.Build.0 = Debug|Any CPU
		{AE96A3DC-DF2B-47DF-BBB8-9B8FF39A6BE7}.Debug|ARM64.ActiveCfg = Debug|Any CPU
		{AE96A3DC-DF2B-47DF-BBB8-9B8FF39A6BE7}.Debug|ARM64.Build.0 = Debug|Any CPU
		{AE96A3DC-DF2B-47DF-BBB8-9B8FF39A6BE7}.Debug|x64.ActiveCfg = Debug|x64
		{AE96A3DC-DF2B-47DF-BBB8-9B8FF39A6BE7}.Debug|x64.Build.0 = Debug|x64
		{AE96A3DC-DF2B-47DF-BBB8-9B8FF39A6BE7}.Debug|x86.ActiveCfg = Debug|Any CPU
		{AE96A3DC-DF2B-47DF-BBB8-9B8FF39A6BE7}.Debug|x86.Build.0 = Debug|Any CPU
		{AE96A3DC-DF2B-47DF-BBB8-9B8FF39A6BE7}.Release|Any CPU.ActiveCfg = Release|Any CPU
		{AE96A3DC-DF2B-47DF-BBB8-9B8FF39A6BE7}.Release|Any CPU.Build.0 = Release|Any CPU
		{AE96A3DC-DF2B-47DF-BBB8-9B8FF39A6BE7}.Release|ARM.ActiveCfg = Release|Any CPU
		{AE96A3DC-DF2B-47DF-BBB8-9B8FF39A6BE7}.Release|ARM.Build.0 = Release|Any CPU
		{AE96A3DC-DF2B-47DF-BBB8-9B8FF39A6BE7}.Release|ARM64.ActiveCfg = Release|Any CPU
		{AE96A3DC-DF2B-47DF-BBB8-9B8FF39A6BE7}.Release|ARM64.Build.0 = Release|Any CPU
		{AE96A3DC-DF2B-47DF-BBB8-9B8FF39A6BE7}.Release|x64.ActiveCfg = Release|x64
		{AE96A3DC-DF2B-47DF-BBB8-9B8FF39A6BE7}.Release|x64.Build.0 = Release|x64
		{AE96A3DC-DF2B-47DF-BBB8-9B8FF39A6BE7}.Release|x86.ActiveCfg = Release|x86
		{AE96A3DC-DF2B-47DF-BBB8-9B8FF39A6BE7}.Release|x86.Build.0 = Release|x86
		{83E5A4B5-6DD1-47B7-9ED6-C48A9FA7F816}.Debug|Any CPU.ActiveCfg = Debug|Any CPU
		{83E5A4B5-6DD1-47B7-9ED6-C48A9FA7F816}.Debug|Any CPU.Build.0 = Debug|Any CPU
		{83E5A4B5-6DD1-47B7-9ED6-C48A9FA7F816}.Debug|ARM.ActiveCfg = Debug|Any CPU
		{83E5A4B5-6DD1-47B7-9ED6-C48A9FA7F816}.Debug|ARM.Build.0 = Debug|Any CPU
		{83E5A4B5-6DD1-47B7-9ED6-C48A9FA7F816}.Debug|ARM64.ActiveCfg = Debug|Any CPU
		{83E5A4B5-6DD1-47B7-9ED6-C48A9FA7F816}.Debug|ARM64.Build.0 = Debug|Any CPU
		{83E5A4B5-6DD1-47B7-9ED6-C48A9FA7F816}.Debug|x64.ActiveCfg = Debug|x64
		{83E5A4B5-6DD1-47B7-9ED6-C48A9FA7F816}.Debug|x64.Build.0 = Debug|x64
		{83E5A4B5-6DD1-47B7-9ED6-C48A9FA7F816}.Debug|x86.ActiveCfg = Debug|Any CPU
		{83E5A4B5-6DD1-47B7-9ED6-C48A9FA7F816}.Debug|x86.Build.0 = Debug|Any CPU
		{83E5A4B5-6DD1-47B7-9ED6-C48A9FA7F816}.Release|Any CPU.ActiveCfg = Release|Any CPU
		{83E5A4B5-6DD1-47B7-9ED6-C48A9FA7F816}.Release|Any CPU.Build.0 = Release|Any CPU
		{83E5A4B5-6DD1-47B7-9ED6-C48A9FA7F816}.Release|ARM.ActiveCfg = Release|Any CPU
		{83E5A4B5-6DD1-47B7-9ED6-C48A9FA7F816}.Release|ARM.Build.0 = Release|Any CPU
		{83E5A4B5-6DD1-47B7-9ED6-C48A9FA7F816}.Release|ARM64.ActiveCfg = Release|Any CPU
		{83E5A4B5-6DD1-47B7-9ED6-C48A9FA7F816}.Release|ARM64.Build.0 = Release|Any CPU
		{83E5A4B5-6DD1-47B7-9ED6-C48A9FA7F816}.Release|x64.ActiveCfg = Release|x64
		{83E5A4B5-6DD1-47B7-9ED6-C48A9FA7F816}.Release|x64.Build.0 = Release|x64
		{83E5A4B5-6DD1-47B7-9ED6-C48A9FA7F816}.Release|x86.ActiveCfg = Release|Any CPU
		{83E5A4B5-6DD1-47B7-9ED6-C48A9FA7F816}.Release|x86.Build.0 = Release|Any CPU
		{E99DD1D5-9D41-4E45-9D39-46018A1958AA}.Debug|Any CPU.ActiveCfg = Debug|Any CPU
		{E99DD1D5-9D41-4E45-9D39-46018A1958AA}.Debug|Any CPU.Build.0 = Debug|Any CPU
		{E99DD1D5-9D41-4E45-9D39-46018A1958AA}.Debug|ARM.ActiveCfg = Debug|Any CPU
		{E99DD1D5-9D41-4E45-9D39-46018A1958AA}.Debug|ARM.Build.0 = Debug|Any CPU
		{E99DD1D5-9D41-4E45-9D39-46018A1958AA}.Debug|ARM64.ActiveCfg = Debug|Any CPU
		{E99DD1D5-9D41-4E45-9D39-46018A1958AA}.Debug|ARM64.Build.0 = Debug|Any CPU
		{E99DD1D5-9D41-4E45-9D39-46018A1958AA}.Debug|x64.ActiveCfg = Debug|x64
		{E99DD1D5-9D41-4E45-9D39-46018A1958AA}.Debug|x64.Build.0 = Debug|x64
		{E99DD1D5-9D41-4E45-9D39-46018A1958AA}.Debug|x86.ActiveCfg = Debug|Any CPU
		{E99DD1D5-9D41-4E45-9D39-46018A1958AA}.Debug|x86.Build.0 = Debug|Any CPU
		{E99DD1D5-9D41-4E45-9D39-46018A1958AA}.Release|Any CPU.ActiveCfg = Release|Any CPU
		{E99DD1D5-9D41-4E45-9D39-46018A1958AA}.Release|Any CPU.Build.0 = Release|Any CPU
		{E99DD1D5-9D41-4E45-9D39-46018A1958AA}.Release|ARM.ActiveCfg = Release|Any CPU
		{E99DD1D5-9D41-4E45-9D39-46018A1958AA}.Release|ARM.Build.0 = Release|Any CPU
		{E99DD1D5-9D41-4E45-9D39-46018A1958AA}.Release|ARM64.ActiveCfg = Release|Any CPU
		{E99DD1D5-9D41-4E45-9D39-46018A1958AA}.Release|ARM64.Build.0 = Release|Any CPU
		{E99DD1D5-9D41-4E45-9D39-46018A1958AA}.Release|x64.ActiveCfg = Release|x64
		{E99DD1D5-9D41-4E45-9D39-46018A1958AA}.Release|x64.Build.0 = Release|x64
		{E99DD1D5-9D41-4E45-9D39-46018A1958AA}.Release|x86.ActiveCfg = Release|x86
		{E99DD1D5-9D41-4E45-9D39-46018A1958AA}.Release|x86.Build.0 = Release|x86
		{9A3FE6D1-8843-4406-BEBD-3D32BF235DDB}.Debug|Any CPU.ActiveCfg = Debug|Any CPU
		{9A3FE6D1-8843-4406-BEBD-3D32BF235DDB}.Debug|Any CPU.Build.0 = Debug|Any CPU
		{9A3FE6D1-8843-4406-BEBD-3D32BF235DDB}.Debug|ARM.ActiveCfg = Debug|Any CPU
		{9A3FE6D1-8843-4406-BEBD-3D32BF235DDB}.Debug|ARM.Build.0 = Debug|Any CPU
		{9A3FE6D1-8843-4406-BEBD-3D32BF235DDB}.Debug|ARM64.ActiveCfg = Debug|Any CPU
		{9A3FE6D1-8843-4406-BEBD-3D32BF235DDB}.Debug|ARM64.Build.0 = Debug|Any CPU
		{9A3FE6D1-8843-4406-BEBD-3D32BF235DDB}.Debug|x64.ActiveCfg = Debug|x64
		{9A3FE6D1-8843-4406-BEBD-3D32BF235DDB}.Debug|x64.Build.0 = Debug|x64
		{9A3FE6D1-8843-4406-BEBD-3D32BF235DDB}.Debug|x86.ActiveCfg = Debug|Any CPU
		{9A3FE6D1-8843-4406-BEBD-3D32BF235DDB}.Debug|x86.Build.0 = Debug|Any CPU
		{9A3FE6D1-8843-4406-BEBD-3D32BF235DDB}.Release|Any CPU.ActiveCfg = Release|Any CPU
		{9A3FE6D1-8843-4406-BEBD-3D32BF235DDB}.Release|Any CPU.Build.0 = Release|Any CPU
		{9A3FE6D1-8843-4406-BEBD-3D32BF235DDB}.Release|ARM.ActiveCfg = Release|Any CPU
		{9A3FE6D1-8843-4406-BEBD-3D32BF235DDB}.Release|ARM.Build.0 = Release|Any CPU
		{9A3FE6D1-8843-4406-BEBD-3D32BF235DDB}.Release|ARM64.ActiveCfg = Release|Any CPU
		{9A3FE6D1-8843-4406-BEBD-3D32BF235DDB}.Release|ARM64.Build.0 = Release|Any CPU
		{9A3FE6D1-8843-4406-BEBD-3D32BF235DDB}.Release|x64.ActiveCfg = Release|x64
		{9A3FE6D1-8843-4406-BEBD-3D32BF235DDB}.Release|x64.Build.0 = Release|x64
		{9A3FE6D1-8843-4406-BEBD-3D32BF235DDB}.Release|x86.ActiveCfg = Release|x86
		{9A3FE6D1-8843-4406-BEBD-3D32BF235DDB}.Release|x86.Build.0 = Release|x86
		{D5EF0FB7-1F2E-4E06-BFEE-103879D36519}.Debug|Any CPU.ActiveCfg = Debug|Any CPU
		{D5EF0FB7-1F2E-4E06-BFEE-103879D36519}.Debug|Any CPU.Build.0 = Debug|Any CPU
		{D5EF0FB7-1F2E-4E06-BFEE-103879D36519}.Debug|ARM.ActiveCfg = Debug|Any CPU
		{D5EF0FB7-1F2E-4E06-BFEE-103879D36519}.Debug|ARM.Build.0 = Debug|Any CPU
		{D5EF0FB7-1F2E-4E06-BFEE-103879D36519}.Debug|ARM64.ActiveCfg = Debug|Any CPU
		{D5EF0FB7-1F2E-4E06-BFEE-103879D36519}.Debug|ARM64.Build.0 = Debug|Any CPU
		{D5EF0FB7-1F2E-4E06-BFEE-103879D36519}.Debug|x64.ActiveCfg = Debug|x64
		{D5EF0FB7-1F2E-4E06-BFEE-103879D36519}.Debug|x64.Build.0 = Debug|x64
		{D5EF0FB7-1F2E-4E06-BFEE-103879D36519}.Debug|x86.ActiveCfg = Debug|Any CPU
		{D5EF0FB7-1F2E-4E06-BFEE-103879D36519}.Debug|x86.Build.0 = Debug|Any CPU
		{D5EF0FB7-1F2E-4E06-BFEE-103879D36519}.Release|Any CPU.ActiveCfg = Release|Any CPU
		{D5EF0FB7-1F2E-4E06-BFEE-103879D36519}.Release|Any CPU.Build.0 = Release|Any CPU
		{D5EF0FB7-1F2E-4E06-BFEE-103879D36519}.Release|ARM.ActiveCfg = Release|Any CPU
		{D5EF0FB7-1F2E-4E06-BFEE-103879D36519}.Release|ARM.Build.0 = Release|Any CPU
		{D5EF0FB7-1F2E-4E06-BFEE-103879D36519}.Release|ARM64.ActiveCfg = Release|Any CPU
		{D5EF0FB7-1F2E-4E06-BFEE-103879D36519}.Release|ARM64.Build.0 = Release|Any CPU
		{D5EF0FB7-1F2E-4E06-BFEE-103879D36519}.Release|x64.ActiveCfg = Release|x64
		{D5EF0FB7-1F2E-4E06-BFEE-103879D36519}.Release|x64.Build.0 = Release|x64
		{D5EF0FB7-1F2E-4E06-BFEE-103879D36519}.Release|x86.ActiveCfg = Release|x86
		{D5EF0FB7-1F2E-4E06-BFEE-103879D36519}.Release|x86.Build.0 = Release|x86
		{847933D2-544D-472A-A88C-0704D5956C9D}.Debug|Any CPU.ActiveCfg = Debug|Any CPU
		{847933D2-544D-472A-A88C-0704D5956C9D}.Debug|Any CPU.Build.0 = Debug|Any CPU
		{847933D2-544D-472A-A88C-0704D5956C9D}.Debug|ARM.ActiveCfg = Debug|Any CPU
		{847933D2-544D-472A-A88C-0704D5956C9D}.Debug|ARM.Build.0 = Debug|Any CPU
		{847933D2-544D-472A-A88C-0704D5956C9D}.Debug|ARM64.ActiveCfg = Debug|Any CPU
		{847933D2-544D-472A-A88C-0704D5956C9D}.Debug|ARM64.Build.0 = Debug|Any CPU
		{847933D2-544D-472A-A88C-0704D5956C9D}.Debug|x64.ActiveCfg = Debug|Any CPU
		{847933D2-544D-472A-A88C-0704D5956C9D}.Debug|x64.Build.0 = Debug|Any CPU
		{847933D2-544D-472A-A88C-0704D5956C9D}.Debug|x86.ActiveCfg = Debug|Any CPU
		{847933D2-544D-472A-A88C-0704D5956C9D}.Debug|x86.Build.0 = Debug|Any CPU
		{847933D2-544D-472A-A88C-0704D5956C9D}.Release|Any CPU.ActiveCfg = Release|Any CPU
		{847933D2-544D-472A-A88C-0704D5956C9D}.Release|Any CPU.Build.0 = Release|Any CPU
		{847933D2-544D-472A-A88C-0704D5956C9D}.Release|ARM.ActiveCfg = Release|Any CPU
		{847933D2-544D-472A-A88C-0704D5956C9D}.Release|ARM.Build.0 = Release|Any CPU
		{847933D2-544D-472A-A88C-0704D5956C9D}.Release|ARM64.ActiveCfg = Release|Any CPU
		{847933D2-544D-472A-A88C-0704D5956C9D}.Release|ARM64.Build.0 = Release|Any CPU
		{847933D2-544D-472A-A88C-0704D5956C9D}.Release|x64.ActiveCfg = Release|Any CPU
		{847933D2-544D-472A-A88C-0704D5956C9D}.Release|x64.Build.0 = Release|Any CPU
		{847933D2-544D-472A-A88C-0704D5956C9D}.Release|x86.ActiveCfg = Release|Any CPU
		{847933D2-544D-472A-A88C-0704D5956C9D}.Release|x86.Build.0 = Release|Any CPU
		{90466379-2AB2-4EEB-817B-86D6C96C1EBE}.Debug|Any CPU.ActiveCfg = Debug|Any CPU
		{90466379-2AB2-4EEB-817B-86D6C96C1EBE}.Debug|Any CPU.Build.0 = Debug|Any CPU
		{90466379-2AB2-4EEB-817B-86D6C96C1EBE}.Debug|ARM.ActiveCfg = Debug|Any CPU
		{90466379-2AB2-4EEB-817B-86D6C96C1EBE}.Debug|ARM.Build.0 = Debug|Any CPU
		{90466379-2AB2-4EEB-817B-86D6C96C1EBE}.Debug|ARM64.ActiveCfg = Debug|Any CPU
		{90466379-2AB2-4EEB-817B-86D6C96C1EBE}.Debug|ARM64.Build.0 = Debug|Any CPU
		{90466379-2AB2-4EEB-817B-86D6C96C1EBE}.Debug|x64.ActiveCfg = Debug|x64
		{90466379-2AB2-4EEB-817B-86D6C96C1EBE}.Debug|x64.Build.0 = Debug|x64
		{90466379-2AB2-4EEB-817B-86D6C96C1EBE}.Debug|x86.ActiveCfg = Debug|Any CPU
		{90466379-2AB2-4EEB-817B-86D6C96C1EBE}.Debug|x86.Build.0 = Debug|Any CPU
		{90466379-2AB2-4EEB-817B-86D6C96C1EBE}.Release|Any CPU.ActiveCfg = Release|Any CPU
		{90466379-2AB2-4EEB-817B-86D6C96C1EBE}.Release|Any CPU.Build.0 = Release|Any CPU
		{90466379-2AB2-4EEB-817B-86D6C96C1EBE}.Release|ARM.ActiveCfg = Release|Any CPU
		{90466379-2AB2-4EEB-817B-86D6C96C1EBE}.Release|ARM.Build.0 = Release|Any CPU
		{90466379-2AB2-4EEB-817B-86D6C96C1EBE}.Release|ARM64.ActiveCfg = Release|Any CPU
		{90466379-2AB2-4EEB-817B-86D6C96C1EBE}.Release|ARM64.Build.0 = Release|Any CPU
		{90466379-2AB2-4EEB-817B-86D6C96C1EBE}.Release|x64.ActiveCfg = Release|x64
		{90466379-2AB2-4EEB-817B-86D6C96C1EBE}.Release|x64.Build.0 = Release|x64
		{90466379-2AB2-4EEB-817B-86D6C96C1EBE}.Release|x86.ActiveCfg = Release|Any CPU
		{90466379-2AB2-4EEB-817B-86D6C96C1EBE}.Release|x86.Build.0 = Release|Any CPU
	EndGlobalSection
	GlobalSection(SolutionProperties) = preSolution
		HideSolutionNode = FALSE
	EndGlobalSection
	GlobalSection(NestedProjects) = preSolution
		{AE96A3DC-DF2B-47DF-BBB8-9B8FF39A6BE7} = {740A5F15-4D2B-43FA-BB71-CFC0EC7E35E4}
		{83E5A4B5-6DD1-47B7-9ED6-C48A9FA7F816} = {740A5F15-4D2B-43FA-BB71-CFC0EC7E35E4}
		{E99DD1D5-9D41-4E45-9D39-46018A1958AA} = {D7893BED-216B-4EFA-B970-4387B81AF045}
		{9A3FE6D1-8843-4406-BEBD-3D32BF235DDB} = {D7893BED-216B-4EFA-B970-4387B81AF045}
		{D5EF0FB7-1F2E-4E06-BFEE-103879D36519} = {D7893BED-216B-4EFA-B970-4387B81AF045}
		{847933D2-544D-472A-A88C-0704D5956C9D} = {740A5F15-4D2B-43FA-BB71-CFC0EC7E35E4}
		{90466379-2AB2-4EEB-817B-86D6C96C1EBE} = {740A5F15-4D2B-43FA-BB71-CFC0EC7E35E4}
	EndGlobalSection
	GlobalSection(ExtensibilityGlobals) = postSolution
		SolutionGuid = {4865768B-0AD7-4582-AA59-912DEDF64F5A}
	EndGlobalSection
EndGlobal
