
Microsoft Visual Studio Solution File, Format Version 12.00
# Visual Studio Version 16
VisualStudioVersion = 16.0.30804.86
MinimumVisualStudioVersion = 10.0.40219.1
Project("{9A19103F-16F7-4668-BE54-9A1E7A4F7556}") = "AnimatedUML", "AnimatedUML\AnimatedUML.csproj", "{A4918C1E-BEA4-4830-AA15-6C1E2DC09301}"
EndProject
Project("{9A19103F-16F7-4668-BE54-9A1E7A4F7556}") = "RdpFacility", "RdpFacility\RdpFacility.csproj", "{EC1232AB-0108-46B9-B3AE-5248E5DDB056}"
EndProject
Project("{9A19103F-16F7-4668-BE54-9A1E7A4F7556}") = "EventLogger", "EventLogger\EventLogger.csproj", "{6D50F279-4CD8-4502-BE87-4EF037C2510E}"
EndProject
Project("{9A19103F-16F7-4668-BE54-9A1E7A4F7556}") = "CsvManipulator", "CsvManipulator\CsvManipulator.csproj", "{7E4BDAD5-F1F6-46CB-81E6-F1EFA27D36FC}"
EndProject
Project("{9A19103F-16F7-4668-BE54-9A1E7A4F7556}") = "WebSockConsoleApp", "WebSockConsoleApp\WebSockConsoleApp.csproj", "{EE765F80-ED77-4F42-9D43-2B90B61EF849}"
EndProject
Project("{9A19103F-16F7-4668-BE54-9A1E7A4F7556}") = "Asynchronous Client Socket Example", "Asynchronous Client Socket Example\Asynchronous Client Socket Example.csproj", "{45651739-6E3C-4A49-9B69-1FD2D9CFC56A}"
EndProject
Project("{9A19103F-16F7-4668-BE54-9A1E7A4F7556}") = "Asynchronous Server Socket Example", "Asynchronous Server Socket Example\Asynchronous Server Socket Example.csproj", "{DF37E063-C6B2-4ADF-9144-83EFC8C0761B}"
EndProject
Project("{2150E333-8FDC-42A3-9474-1A3956D46DE8}") = "SocketsPOC", "SocketsPOC", "{035CADBC-78D8-4B6A-9930-EBA0C167BABE}"
EndProject
Project("{2150E333-8FDC-42A3-9474-1A3956D46DE8}") = "RdpSupport", "RdpSupport", "{202ABF44-7893-4D01-AB30-B11CD8546100}"
EndProject
Project("{2150E333-8FDC-42A3-9474-1A3956D46DE8}") = "Initiatives", "Initiatives", "{F16BF214-9833-4185-AE87-308935E38FC8}"
EndProject
Project("{9A19103F-16F7-4668-BE54-9A1E7A4F7556}") = "AsyncSocketLib", "AsyncSocketLib\AsyncSocketLib.csproj", "{B1471C7A-B271-49F7-9A4E-1E22808362A9}"
EndProject
Project("{9A19103F-16F7-4668-BE54-9A1E7A4F7556}") = "AsyncSocketTester", "AsyncSocketTester\AsyncSocketTester.csproj", "{7426870D-0609-4D1D-B432-C38628BC747C}"
EndProject
Project("{9A19103F-16F7-4668-BE54-9A1E7A4F7556}") = "CI.GUI.Support.WpfLibrary", "CI.GUI.Support.WpfLibrary\CI.GUI.Support.WpfLibrary.csproj", "{AE96A3DC-DF2B-47DF-BBB8-9B8FF39A6BE7}"
EndProject
Project("{2150E333-8FDC-42A3-9474-1A3956D46DE8}") = "POCs", "POCs", "{3B6570B3-94D9-4D8F-A415-C8F3F0B680B5}"
EndProject
Project("{9A19103F-16F7-4668-BE54-9A1E7A4F7556}") = "MvvmToolkitWpfApp1", "MvvmToolkitWpfApp1\MvvmToolkitWpfApp1.csproj", "{7B7A983D-F438-4D1F-A6E6-38D3AD80AEF6}"
EndProject
Project("{2150E333-8FDC-42A3-9474-1A3956D46DE8}") = "Debug CS and C", "Debug CS and C", "{76A17141-2271-46C7-80D8-84E148943E76}"
EndProject
Project("{8BC9CEB8-8B4A-11D0-8D11-00A0C91BC942}") = "Mixed_Mode_Debugging", "Mixed_Mode_Debugging\Mixed_Mode_Debugging.vcxproj", "{F16AC82D-2859-43DB-ABD8-F47CD6D936E8}"
EndProject
Project("{9A19103F-16F7-4668-BE54-9A1E7A4F7556}") = "Mixed_Mode_Calling_App", "Mixed_Mode_Calling_App\Mixed_Mode_Calling_App.csproj", "{4BDF0690-E743-441E-9CDE-576827A82A5C}"
EndProject
Project("{9A19103F-16F7-4668-BE54-9A1E7A4F7556}") = "RMSClient", "..\..\..\CI-Reimagined-Invention\Src\CI-RI\RMSClient\RMSClient.csproj", "{1892DB95-40C4-4AE4-B7F9-2B593055E861}"
EndProject
Project("{C7167F0D-BC9F-4E6E-AFE1-012C56B48DB5}") = "RMSClient2", "..\..\..\CI-Reimagined-Invention\Src\CI-RI\RMSClient2\RMSClient2.wapproj", "{41657521-AE6C-40D1-AC2B-65AE10458990}"
EndProject
Project("{9A19103F-16F7-4668-BE54-9A1E7A4F7556}") = "SignalRChat", "SignalRChat\SignalRChat.csproj", "{A6EDABE1-B4AF-4994-BC67-56E3278F0046}"
EndProject
Project("{9A19103F-16F7-4668-BE54-9A1E7A4F7556}") = "BlazorServerSignalRApp", "BlazorServerSignalRApp\BlazorServerSignalRApp.csproj", "{7C6E5FC5-2F7E-4684-A98A-D39C75C1B0E6}"
EndProject
Project("{9A19103F-16F7-4668-BE54-9A1E7A4F7556}") = "SignalRClientWpf", "SignalRClientWpf\SignalRClientWpf.csproj", "{92513AEA-0B04-4AC5-9679-8B57AD98FC73}"
EndProject
Project("{9A19103F-16F7-4668-BE54-9A1E7A4F7556}") = "DB.Inventory", "..\..\..\CI-Reimagined-Invention\Src\CI-RI\DB.Inventory\DB.Inventory.csproj", "{83E5A4B5-6DD1-47B7-9ED6-C48A9FA7F816}"
EndProject
Project("{9A19103F-16F7-4668-BE54-9A1E7A4F7556}") = "CI.PermissionManager", "CI.PermissionManager\CI.PermissionManager.csproj", "{F15E6D62-E4E0-4D16-BB27-95EC784479B7}"
EndProject
Project("{9A19103F-16F7-4668-BE54-9A1E7A4F7556}") = "TFS", "TFS\TFS.csproj", "{FCC5CDB0-1922-4F46-92BC-5A134DD9BAEF}"
EndProject
Project("{FAE04EC0-301F-11D3-BF4B-00C04F79EFBC}") = "TFS.NET.Framework", "TFS.NET.Framework\TFS.NET.Framework.csproj", "{222999E1-3032-4F3A-89D1-A652A828D50B}"
EndProject
Project("{FAE04EC0-301F-11D3-BF4B-00C04F79EFBC}") = "AAV.TfsManager", "..\..\..\CI-Reimagined-Invention\Src\CI-RI\AAV.TfsManager\AAV.TfsManager.csproj", "{130CA348-E66E-405F-9527-36E61D99D15F}"
EndProject
Project("{C7167F0D-BC9F-4E6E-AFE1-012C56B48DB5}") = "CI.PermissionManager2", "CI.PermissionManager2\CI.PermissionManager2.wapproj", "{3DF7229E-F345-4FF8-9279-764DBF8B73E8}"
EndProject
Project("{9A19103F-16F7-4668-BE54-9A1E7A4F7556}") = "WindowsFormsLib", "..\..\..\ScSv\Src\AlexPi.Scr\WindowsFormsLib\WindowsFormsLib.csproj", "{F01FCEF9-B1AE-48C5-BE44-78B29E99E31B}"
EndProject
Project("{9A19103F-16F7-4668-BE54-9A1E7A4F7556}") = "WinTiler", "WinTiler\WinTiler.csproj", "{1EE70124-D485-4D7B-B0B9-73FCAACE0C9D}"
EndProject
Project("{9A19103F-16F7-4668-BE54-9A1E7A4F7556}") = "WinTiler.Lib", "WinTiler.Lib\WinTiler.Lib.csproj", "{6D2EEAA6-449D-4C84-996A-B1F7D64C7061}"
EndProject
Project("{2150E333-8FDC-42A3-9474-1A3956D46DE8}") = "WiTiler", "WiTiler", "{09BCED6E-F8B4-4E7B-B850-A9EB76CE6CB8}"
EndProject
Project("{2150E333-8FDC-42A3-9474-1A3956D46DE8}") = "Shared", "Shared", "{740A5F15-4D2B-43FA-BB71-CFC0EC7E35E4}"
EndProject
Project("{9A19103F-16F7-4668-BE54-9A1E7A4F7556}") = "EfStoredProcConsoleApp", "EfStoredProcConsoleApp\EfStoredProcConsoleApp.csproj", "{DEBFB136-318C-4807-9516-D00F743B33E5}"
EndProject
Project("{9A19103F-16F7-4668-BE54-9A1E7A4F7556}") = "EfStoredProcWpfApp", "EfStoredProcWpfApp\EfStoredProcWpfApp.csproj", "{471D009D-7845-4164-A941-308738A4B41A}"
EndProject
Project("{2150E333-8FDC-42A3-9474-1A3956D46DE8}") = "Mvvm", "Mvvm", "{D7893BED-216B-4EFA-B970-4387B81AF045}"
EndProject
Project("{2150E333-8FDC-42A3-9474-1A3956D46DE8}") = "CompletesWithInstaller", "CompletesWithInstaller", "{097FE73C-E898-4087-9E65-841AB8C3C042}"
EndProject
Project("{9A19103F-16F7-4668-BE54-9A1E7A4F7556}") = "AllInOneMwtPOC", "AllInOneMwtPOC\AllInOneMwtPOC.csproj", "{57D11E5D-F037-4CC9-9DA1-9C796C0B35FF}"
EndProject
Project("{9A19103F-16F7-4668-BE54-9A1E7A4F7556}") = "CI.DataSmarts", "CI.DataSmarts\CI.DataSmarts.csproj", "{E99DD1D5-9D41-4E45-9D39-46018A1958AA}"
EndProject
Project("{9A19103F-16F7-4668-BE54-9A1E7A4F7556}") = "CI.DS.Visual", "CI.DS.Visual\CI.DS.Visual.csproj", "{9A3FE6D1-8843-4406-BEBD-3D32BF235DDB}"
EndProject
Project("{9A19103F-16F7-4668-BE54-9A1E7A4F7556}") = "CI.DS.ViewModel", "CI.DS.ViewModel\CI.DS.ViewModel.csproj", "{D5EF0FB7-1F2E-4E06-BFEE-103879D36519}"
EndProject
Project("{C7167F0D-BC9F-4E6E-AFE1-012C56B48DB5}") = "CI.POC.A", "CI.POC.A\CI.POC.A.wapproj", "{EAF27887-313C-4DC0-A21F-1ADDA571342E}"
EndProject
Project("{9A19103F-16F7-4668-BE54-9A1E7A4F7556}") = "CI.POC.App.A", "CI.POC.App.A\CI.POC.App.A.csproj", "{FB354698-A883-48E6-B2A1-251BFEB099F7}"
EndProject
Project("{C7167F0D-BC9F-4E6E-AFE1-012C56B48DB5}") = "CI.POC.B", "CI.POC.B\CI.POC.B.wapproj", "{3DA4196B-0C6B-45DD-820B-C0018E4E3280}"
EndProject
Global
	GlobalSection(SolutionConfigurationPlatforms) = preSolution
		Debug|Any CPU = Debug|Any CPU
		Debug|ARM = Debug|ARM
		Debug|ARM64 = Debug|ARM64
		Debug|x64 = Debug|x64
		Debug|x86 = Debug|x86
		Release|Any CPU = Release|Any CPU
		Release|ARM = Release|ARM
		Release|ARM64 = Release|ARM64
		Release|x64 = Release|x64
		Release|x86 = Release|x86
	EndGlobalSection
	GlobalSection(ProjectConfigurationPlatforms) = postSolution
		{A4918C1E-BEA4-4830-AA15-6C1E2DC09301}.Debug|Any CPU.ActiveCfg = Debug|Any CPU
		{A4918C1E-BEA4-4830-AA15-6C1E2DC09301}.Debug|Any CPU.Build.0 = Debug|Any CPU
		{A4918C1E-BEA4-4830-AA15-6C1E2DC09301}.Debug|ARM.ActiveCfg = Debug|Any CPU
		{A4918C1E-BEA4-4830-AA15-6C1E2DC09301}.Debug|ARM.Build.0 = Debug|Any CPU
		{A4918C1E-BEA4-4830-AA15-6C1E2DC09301}.Debug|ARM64.ActiveCfg = Debug|Any CPU
		{A4918C1E-BEA4-4830-AA15-6C1E2DC09301}.Debug|ARM64.Build.0 = Debug|Any CPU
		{A4918C1E-BEA4-4830-AA15-6C1E2DC09301}.Debug|x64.ActiveCfg = Debug|x64
		{A4918C1E-BEA4-4830-AA15-6C1E2DC09301}.Debug|x64.Build.0 = Debug|x64
		{A4918C1E-BEA4-4830-AA15-6C1E2DC09301}.Debug|x86.ActiveCfg = Debug|Any CPU
		{A4918C1E-BEA4-4830-AA15-6C1E2DC09301}.Debug|x86.Build.0 = Debug|Any CPU
		{A4918C1E-BEA4-4830-AA15-6C1E2DC09301}.Release|Any CPU.ActiveCfg = Release|Any CPU
		{A4918C1E-BEA4-4830-AA15-6C1E2DC09301}.Release|Any CPU.Build.0 = Release|Any CPU
		{A4918C1E-BEA4-4830-AA15-6C1E2DC09301}.Release|ARM.ActiveCfg = Release|Any CPU
		{A4918C1E-BEA4-4830-AA15-6C1E2DC09301}.Release|ARM.Build.0 = Release|Any CPU
		{A4918C1E-BEA4-4830-AA15-6C1E2DC09301}.Release|ARM64.ActiveCfg = Release|Any CPU
		{A4918C1E-BEA4-4830-AA15-6C1E2DC09301}.Release|ARM64.Build.0 = Release|Any CPU
		{A4918C1E-BEA4-4830-AA15-6C1E2DC09301}.Release|x64.ActiveCfg = Release|x64
		{A4918C1E-BEA4-4830-AA15-6C1E2DC09301}.Release|x64.Build.0 = Release|x64
		{A4918C1E-BEA4-4830-AA15-6C1E2DC09301}.Release|x86.ActiveCfg = Release|Any CPU
		{A4918C1E-BEA4-4830-AA15-6C1E2DC09301}.Release|x86.Build.0 = Release|Any CPU
		{EC1232AB-0108-46B9-B3AE-5248E5DDB056}.Debug|Any CPU.ActiveCfg = Debug|Any CPU
		{EC1232AB-0108-46B9-B3AE-5248E5DDB056}.Debug|Any CPU.Build.0 = Debug|Any CPU
		{EC1232AB-0108-46B9-B3AE-5248E5DDB056}.Debug|ARM.ActiveCfg = Debug|Any CPU
		{EC1232AB-0108-46B9-B3AE-5248E5DDB056}.Debug|ARM.Build.0 = Debug|Any CPU
		{EC1232AB-0108-46B9-B3AE-5248E5DDB056}.Debug|ARM64.ActiveCfg = Debug|Any CPU
		{EC1232AB-0108-46B9-B3AE-5248E5DDB056}.Debug|ARM64.Build.0 = Debug|Any CPU
		{EC1232AB-0108-46B9-B3AE-5248E5DDB056}.Debug|x64.ActiveCfg = Debug|x64
		{EC1232AB-0108-46B9-B3AE-5248E5DDB056}.Debug|x64.Build.0 = Debug|x64
		{EC1232AB-0108-46B9-B3AE-5248E5DDB056}.Debug|x86.ActiveCfg = Debug|Any CPU
		{EC1232AB-0108-46B9-B3AE-5248E5DDB056}.Debug|x86.Build.0 = Debug|Any CPU
		{EC1232AB-0108-46B9-B3AE-5248E5DDB056}.Release|Any CPU.ActiveCfg = Release|Any CPU
		{EC1232AB-0108-46B9-B3AE-5248E5DDB056}.Release|Any CPU.Build.0 = Release|Any CPU
		{EC1232AB-0108-46B9-B3AE-5248E5DDB056}.Release|ARM.ActiveCfg = Release|Any CPU
		{EC1232AB-0108-46B9-B3AE-5248E5DDB056}.Release|ARM.Build.0 = Release|Any CPU
		{EC1232AB-0108-46B9-B3AE-5248E5DDB056}.Release|ARM64.ActiveCfg = Release|Any CPU
		{EC1232AB-0108-46B9-B3AE-5248E5DDB056}.Release|ARM64.Build.0 = Release|Any CPU
		{EC1232AB-0108-46B9-B3AE-5248E5DDB056}.Release|x64.ActiveCfg = Release|x64
		{EC1232AB-0108-46B9-B3AE-5248E5DDB056}.Release|x64.Build.0 = Release|x64
		{EC1232AB-0108-46B9-B3AE-5248E5DDB056}.Release|x86.ActiveCfg = Release|Any CPU
		{EC1232AB-0108-46B9-B3AE-5248E5DDB056}.Release|x86.Build.0 = Release|Any CPU
		{6D50F279-4CD8-4502-BE87-4EF037C2510E}.Debug|Any CPU.ActiveCfg = Debug|Any CPU
		{6D50F279-4CD8-4502-BE87-4EF037C2510E}.Debug|Any CPU.Build.0 = Debug|Any CPU
		{6D50F279-4CD8-4502-BE87-4EF037C2510E}.Debug|ARM.ActiveCfg = Debug|Any CPU
		{6D50F279-4CD8-4502-BE87-4EF037C2510E}.Debug|ARM.Build.0 = Debug|Any CPU
		{6D50F279-4CD8-4502-BE87-4EF037C2510E}.Debug|ARM64.ActiveCfg = Debug|Any CPU
		{6D50F279-4CD8-4502-BE87-4EF037C2510E}.Debug|ARM64.Build.0 = Debug|Any CPU
		{6D50F279-4CD8-4502-BE87-4EF037C2510E}.Debug|x64.ActiveCfg = Debug|x64
		{6D50F279-4CD8-4502-BE87-4EF037C2510E}.Debug|x64.Build.0 = Debug|x64
		{6D50F279-4CD8-4502-BE87-4EF037C2510E}.Debug|x86.ActiveCfg = Debug|Any CPU
		{6D50F279-4CD8-4502-BE87-4EF037C2510E}.Debug|x86.Build.0 = Debug|Any CPU
		{6D50F279-4CD8-4502-BE87-4EF037C2510E}.Release|Any CPU.ActiveCfg = Release|Any CPU
		{6D50F279-4CD8-4502-BE87-4EF037C2510E}.Release|Any CPU.Build.0 = Release|Any CPU
		{6D50F279-4CD8-4502-BE87-4EF037C2510E}.Release|ARM.ActiveCfg = Release|Any CPU
		{6D50F279-4CD8-4502-BE87-4EF037C2510E}.Release|ARM.Build.0 = Release|Any CPU
		{6D50F279-4CD8-4502-BE87-4EF037C2510E}.Release|ARM64.ActiveCfg = Release|Any CPU
		{6D50F279-4CD8-4502-BE87-4EF037C2510E}.Release|ARM64.Build.0 = Release|Any CPU
		{6D50F279-4CD8-4502-BE87-4EF037C2510E}.Release|x64.ActiveCfg = Release|x64
		{6D50F279-4CD8-4502-BE87-4EF037C2510E}.Release|x64.Build.0 = Release|x64
		{6D50F279-4CD8-4502-BE87-4EF037C2510E}.Release|x86.ActiveCfg = Release|Any CPU
		{6D50F279-4CD8-4502-BE87-4EF037C2510E}.Release|x86.Build.0 = Release|Any CPU
		{7E4BDAD5-F1F6-46CB-81E6-F1EFA27D36FC}.Debug|Any CPU.ActiveCfg = Debug|Any CPU
		{7E4BDAD5-F1F6-46CB-81E6-F1EFA27D36FC}.Debug|Any CPU.Build.0 = Debug|Any CPU
		{7E4BDAD5-F1F6-46CB-81E6-F1EFA27D36FC}.Debug|ARM.ActiveCfg = Debug|Any CPU
		{7E4BDAD5-F1F6-46CB-81E6-F1EFA27D36FC}.Debug|ARM.Build.0 = Debug|Any CPU
		{7E4BDAD5-F1F6-46CB-81E6-F1EFA27D36FC}.Debug|ARM64.ActiveCfg = Debug|Any CPU
		{7E4BDAD5-F1F6-46CB-81E6-F1EFA27D36FC}.Debug|ARM64.Build.0 = Debug|Any CPU
		{7E4BDAD5-F1F6-46CB-81E6-F1EFA27D36FC}.Debug|x64.ActiveCfg = Debug|x64
		{7E4BDAD5-F1F6-46CB-81E6-F1EFA27D36FC}.Debug|x64.Build.0 = Debug|x64
		{7E4BDAD5-F1F6-46CB-81E6-F1EFA27D36FC}.Debug|x86.ActiveCfg = Debug|Any CPU
		{7E4BDAD5-F1F6-46CB-81E6-F1EFA27D36FC}.Debug|x86.Build.0 = Debug|Any CPU
		{7E4BDAD5-F1F6-46CB-81E6-F1EFA27D36FC}.Release|Any CPU.ActiveCfg = Release|Any CPU
		{7E4BDAD5-F1F6-46CB-81E6-F1EFA27D36FC}.Release|Any CPU.Build.0 = Release|Any CPU
		{7E4BDAD5-F1F6-46CB-81E6-F1EFA27D36FC}.Release|ARM.ActiveCfg = Release|Any CPU
		{7E4BDAD5-F1F6-46CB-81E6-F1EFA27D36FC}.Release|ARM.Build.0 = Release|Any CPU
		{7E4BDAD5-F1F6-46CB-81E6-F1EFA27D36FC}.Release|ARM64.ActiveCfg = Release|Any CPU
		{7E4BDAD5-F1F6-46CB-81E6-F1EFA27D36FC}.Release|ARM64.Build.0 = Release|Any CPU
		{7E4BDAD5-F1F6-46CB-81E6-F1EFA27D36FC}.Release|x64.ActiveCfg = Release|x64
		{7E4BDAD5-F1F6-46CB-81E6-F1EFA27D36FC}.Release|x64.Build.0 = Release|x64
		{7E4BDAD5-F1F6-46CB-81E6-F1EFA27D36FC}.Release|x86.ActiveCfg = Release|Any CPU
		{7E4BDAD5-F1F6-46CB-81E6-F1EFA27D36FC}.Release|x86.Build.0 = Release|Any CPU
		{EE765F80-ED77-4F42-9D43-2B90B61EF849}.Debug|Any CPU.ActiveCfg = Debug|Any CPU
		{EE765F80-ED77-4F42-9D43-2B90B61EF849}.Debug|Any CPU.Build.0 = Debug|Any CPU
		{EE765F80-ED77-4F42-9D43-2B90B61EF849}.Debug|ARM.ActiveCfg = Debug|Any CPU
		{EE765F80-ED77-4F42-9D43-2B90B61EF849}.Debug|ARM.Build.0 = Debug|Any CPU
		{EE765F80-ED77-4F42-9D43-2B90B61EF849}.Debug|ARM64.ActiveCfg = Debug|Any CPU
		{EE765F80-ED77-4F42-9D43-2B90B61EF849}.Debug|ARM64.Build.0 = Debug|Any CPU
		{EE765F80-ED77-4F42-9D43-2B90B61EF849}.Debug|x64.ActiveCfg = Debug|x64
		{EE765F80-ED77-4F42-9D43-2B90B61EF849}.Debug|x64.Build.0 = Debug|x64
		{EE765F80-ED77-4F42-9D43-2B90B61EF849}.Debug|x86.ActiveCfg = Debug|Any CPU
		{EE765F80-ED77-4F42-9D43-2B90B61EF849}.Debug|x86.Build.0 = Debug|Any CPU
		{EE765F80-ED77-4F42-9D43-2B90B61EF849}.Release|Any CPU.ActiveCfg = Release|Any CPU
		{EE765F80-ED77-4F42-9D43-2B90B61EF849}.Release|Any CPU.Build.0 = Release|Any CPU
		{EE765F80-ED77-4F42-9D43-2B90B61EF849}.Release|ARM.ActiveCfg = Release|Any CPU
		{EE765F80-ED77-4F42-9D43-2B90B61EF849}.Release|ARM.Build.0 = Release|Any CPU
		{EE765F80-ED77-4F42-9D43-2B90B61EF849}.Release|ARM64.ActiveCfg = Release|Any CPU
		{EE765F80-ED77-4F42-9D43-2B90B61EF849}.Release|ARM64.Build.0 = Release|Any CPU
		{EE765F80-ED77-4F42-9D43-2B90B61EF849}.Release|x64.ActiveCfg = Release|x64
		{EE765F80-ED77-4F42-9D43-2B90B61EF849}.Release|x64.Build.0 = Release|x64
		{EE765F80-ED77-4F42-9D43-2B90B61EF849}.Release|x86.ActiveCfg = Release|Any CPU
		{EE765F80-ED77-4F42-9D43-2B90B61EF849}.Release|x86.Build.0 = Release|Any CPU
		{45651739-6E3C-4A49-9B69-1FD2D9CFC56A}.Debug|Any CPU.ActiveCfg = Debug|Any CPU
		{45651739-6E3C-4A49-9B69-1FD2D9CFC56A}.Debug|Any CPU.Build.0 = Debug|Any CPU
		{45651739-6E3C-4A49-9B69-1FD2D9CFC56A}.Debug|ARM.ActiveCfg = Debug|Any CPU
		{45651739-6E3C-4A49-9B69-1FD2D9CFC56A}.Debug|ARM.Build.0 = Debug|Any CPU
		{45651739-6E3C-4A49-9B69-1FD2D9CFC56A}.Debug|ARM64.ActiveCfg = Debug|Any CPU
		{45651739-6E3C-4A49-9B69-1FD2D9CFC56A}.Debug|ARM64.Build.0 = Debug|Any CPU
		{45651739-6E3C-4A49-9B69-1FD2D9CFC56A}.Debug|x64.ActiveCfg = Debug|x64
		{45651739-6E3C-4A49-9B69-1FD2D9CFC56A}.Debug|x64.Build.0 = Debug|x64
		{45651739-6E3C-4A49-9B69-1FD2D9CFC56A}.Debug|x86.ActiveCfg = Debug|Any CPU
		{45651739-6E3C-4A49-9B69-1FD2D9CFC56A}.Debug|x86.Build.0 = Debug|Any CPU
		{45651739-6E3C-4A49-9B69-1FD2D9CFC56A}.Release|Any CPU.ActiveCfg = Release|Any CPU
		{45651739-6E3C-4A49-9B69-1FD2D9CFC56A}.Release|Any CPU.Build.0 = Release|Any CPU
		{45651739-6E3C-4A49-9B69-1FD2D9CFC56A}.Release|ARM.ActiveCfg = Release|Any CPU
		{45651739-6E3C-4A49-9B69-1FD2D9CFC56A}.Release|ARM.Build.0 = Release|Any CPU
		{45651739-6E3C-4A49-9B69-1FD2D9CFC56A}.Release|ARM64.ActiveCfg = Release|Any CPU
		{45651739-6E3C-4A49-9B69-1FD2D9CFC56A}.Release|ARM64.Build.0 = Release|Any CPU
		{45651739-6E3C-4A49-9B69-1FD2D9CFC56A}.Release|x64.ActiveCfg = Release|x64
		{45651739-6E3C-4A49-9B69-1FD2D9CFC56A}.Release|x64.Build.0 = Release|x64
		{45651739-6E3C-4A49-9B69-1FD2D9CFC56A}.Release|x86.ActiveCfg = Release|Any CPU
		{45651739-6E3C-4A49-9B69-1FD2D9CFC56A}.Release|x86.Build.0 = Release|Any CPU
		{DF37E063-C6B2-4ADF-9144-83EFC8C0761B}.Debug|Any CPU.ActiveCfg = Debug|Any CPU
		{DF37E063-C6B2-4ADF-9144-83EFC8C0761B}.Debug|Any CPU.Build.0 = Debug|Any CPU
		{DF37E063-C6B2-4ADF-9144-83EFC8C0761B}.Debug|ARM.ActiveCfg = Debug|Any CPU
		{DF37E063-C6B2-4ADF-9144-83EFC8C0761B}.Debug|ARM.Build.0 = Debug|Any CPU
		{DF37E063-C6B2-4ADF-9144-83EFC8C0761B}.Debug|ARM64.ActiveCfg = Debug|Any CPU
		{DF37E063-C6B2-4ADF-9144-83EFC8C0761B}.Debug|ARM64.Build.0 = Debug|Any CPU
		{DF37E063-C6B2-4ADF-9144-83EFC8C0761B}.Debug|x64.ActiveCfg = Debug|x64
		{DF37E063-C6B2-4ADF-9144-83EFC8C0761B}.Debug|x64.Build.0 = Debug|x64
		{DF37E063-C6B2-4ADF-9144-83EFC8C0761B}.Debug|x86.ActiveCfg = Debug|Any CPU
		{DF37E063-C6B2-4ADF-9144-83EFC8C0761B}.Debug|x86.Build.0 = Debug|Any CPU
		{DF37E063-C6B2-4ADF-9144-83EFC8C0761B}.Release|Any CPU.ActiveCfg = Release|Any CPU
		{DF37E063-C6B2-4ADF-9144-83EFC8C0761B}.Release|Any CPU.Build.0 = Release|Any CPU
		{DF37E063-C6B2-4ADF-9144-83EFC8C0761B}.Release|ARM.ActiveCfg = Release|Any CPU
		{DF37E063-C6B2-4ADF-9144-83EFC8C0761B}.Release|ARM.Build.0 = Release|Any CPU
		{DF37E063-C6B2-4ADF-9144-83EFC8C0761B}.Release|ARM64.ActiveCfg = Release|Any CPU
		{DF37E063-C6B2-4ADF-9144-83EFC8C0761B}.Release|ARM64.Build.0 = Release|Any CPU
		{DF37E063-C6B2-4ADF-9144-83EFC8C0761B}.Release|x64.ActiveCfg = Release|x64
		{DF37E063-C6B2-4ADF-9144-83EFC8C0761B}.Release|x64.Build.0 = Release|x64
		{DF37E063-C6B2-4ADF-9144-83EFC8C0761B}.Release|x86.ActiveCfg = Release|Any CPU
		{DF37E063-C6B2-4ADF-9144-83EFC8C0761B}.Release|x86.Build.0 = Release|Any CPU
		{B1471C7A-B271-49F7-9A4E-1E22808362A9}.Debug|Any CPU.ActiveCfg = Debug|Any CPU
		{B1471C7A-B271-49F7-9A4E-1E22808362A9}.Debug|Any CPU.Build.0 = Debug|Any CPU
		{B1471C7A-B271-49F7-9A4E-1E22808362A9}.Debug|ARM.ActiveCfg = Debug|Any CPU
		{B1471C7A-B271-49F7-9A4E-1E22808362A9}.Debug|ARM.Build.0 = Debug|Any CPU
		{B1471C7A-B271-49F7-9A4E-1E22808362A9}.Debug|ARM64.ActiveCfg = Debug|Any CPU
		{B1471C7A-B271-49F7-9A4E-1E22808362A9}.Debug|ARM64.Build.0 = Debug|Any CPU
		{B1471C7A-B271-49F7-9A4E-1E22808362A9}.Debug|x64.ActiveCfg = Debug|x64
		{B1471C7A-B271-49F7-9A4E-1E22808362A9}.Debug|x64.Build.0 = Debug|x64
		{B1471C7A-B271-49F7-9A4E-1E22808362A9}.Debug|x86.ActiveCfg = Debug|Any CPU
		{B1471C7A-B271-49F7-9A4E-1E22808362A9}.Debug|x86.Build.0 = Debug|Any CPU
		{B1471C7A-B271-49F7-9A4E-1E22808362A9}.Release|Any CPU.ActiveCfg = Release|Any CPU
		{B1471C7A-B271-49F7-9A4E-1E22808362A9}.Release|Any CPU.Build.0 = Release|Any CPU
		{B1471C7A-B271-49F7-9A4E-1E22808362A9}.Release|ARM.ActiveCfg = Release|Any CPU
		{B1471C7A-B271-49F7-9A4E-1E22808362A9}.Release|ARM.Build.0 = Release|Any CPU
		{B1471C7A-B271-49F7-9A4E-1E22808362A9}.Release|ARM64.ActiveCfg = Release|Any CPU
		{B1471C7A-B271-49F7-9A4E-1E22808362A9}.Release|ARM64.Build.0 = Release|Any CPU
		{B1471C7A-B271-49F7-9A4E-1E22808362A9}.Release|x64.ActiveCfg = Release|x64
		{B1471C7A-B271-49F7-9A4E-1E22808362A9}.Release|x64.Build.0 = Release|x64
		{B1471C7A-B271-49F7-9A4E-1E22808362A9}.Release|x86.ActiveCfg = Release|Any CPU
		{B1471C7A-B271-49F7-9A4E-1E22808362A9}.Release|x86.Build.0 = Release|Any CPU
		{7426870D-0609-4D1D-B432-C38628BC747C}.Debug|Any CPU.ActiveCfg = Debug|Any CPU
		{7426870D-0609-4D1D-B432-C38628BC747C}.Debug|Any CPU.Build.0 = Debug|Any CPU
		{7426870D-0609-4D1D-B432-C38628BC747C}.Debug|ARM.ActiveCfg = Debug|Any CPU
		{7426870D-0609-4D1D-B432-C38628BC747C}.Debug|ARM.Build.0 = Debug|Any CPU
		{7426870D-0609-4D1D-B432-C38628BC747C}.Debug|ARM64.ActiveCfg = Debug|Any CPU
		{7426870D-0609-4D1D-B432-C38628BC747C}.Debug|ARM64.Build.0 = Debug|Any CPU
		{7426870D-0609-4D1D-B432-C38628BC747C}.Debug|x64.ActiveCfg = Debug|x64
		{7426870D-0609-4D1D-B432-C38628BC747C}.Debug|x64.Build.0 = Debug|x64
		{7426870D-0609-4D1D-B432-C38628BC747C}.Debug|x86.ActiveCfg = Debug|Any CPU
		{7426870D-0609-4D1D-B432-C38628BC747C}.Debug|x86.Build.0 = Debug|Any CPU
		{7426870D-0609-4D1D-B432-C38628BC747C}.Release|Any CPU.ActiveCfg = Release|Any CPU
		{7426870D-0609-4D1D-B432-C38628BC747C}.Release|Any CPU.Build.0 = Release|Any CPU
		{7426870D-0609-4D1D-B432-C38628BC747C}.Release|ARM.ActiveCfg = Release|Any CPU
		{7426870D-0609-4D1D-B432-C38628BC747C}.Release|ARM.Build.0 = Release|Any CPU
		{7426870D-0609-4D1D-B432-C38628BC747C}.Release|ARM64.ActiveCfg = Release|Any CPU
		{7426870D-0609-4D1D-B432-C38628BC747C}.Release|ARM64.Build.0 = Release|Any CPU
		{7426870D-0609-4D1D-B432-C38628BC747C}.Release|x64.ActiveCfg = Release|x64
		{7426870D-0609-4D1D-B432-C38628BC747C}.Release|x64.Build.0 = Release|x64
		{7426870D-0609-4D1D-B432-C38628BC747C}.Release|x86.ActiveCfg = Release|Any CPU
		{7426870D-0609-4D1D-B432-C38628BC747C}.Release|x86.Build.0 = Release|Any CPU
		{AE96A3DC-DF2B-47DF-BBB8-9B8FF39A6BE7}.Debug|Any CPU.ActiveCfg = Debug|Any CPU
		{AE96A3DC-DF2B-47DF-BBB8-9B8FF39A6BE7}.Debug|Any CPU.Build.0 = Debug|Any CPU
		{AE96A3DC-DF2B-47DF-BBB8-9B8FF39A6BE7}.Debug|ARM.ActiveCfg = Debug|Any CPU
		{AE96A3DC-DF2B-47DF-BBB8-9B8FF39A6BE7}.Debug|ARM.Build.0 = Debug|Any CPU
		{AE96A3DC-DF2B-47DF-BBB8-9B8FF39A6BE7}.Debug|ARM64.ActiveCfg = Debug|Any CPU
		{AE96A3DC-DF2B-47DF-BBB8-9B8FF39A6BE7}.Debug|ARM64.Build.0 = Debug|Any CPU
		{AE96A3DC-DF2B-47DF-BBB8-9B8FF39A6BE7}.Debug|x64.ActiveCfg = Debug|x64
		{AE96A3DC-DF2B-47DF-BBB8-9B8FF39A6BE7}.Debug|x64.Build.0 = Debug|x64
		{AE96A3DC-DF2B-47DF-BBB8-9B8FF39A6BE7}.Debug|x86.ActiveCfg = Debug|Any CPU
		{AE96A3DC-DF2B-47DF-BBB8-9B8FF39A6BE7}.Debug|x86.Build.0 = Debug|Any CPU
		{AE96A3DC-DF2B-47DF-BBB8-9B8FF39A6BE7}.Release|Any CPU.ActiveCfg = Release|Any CPU
		{AE96A3DC-DF2B-47DF-BBB8-9B8FF39A6BE7}.Release|Any CPU.Build.0 = Release|Any CPU
		{AE96A3DC-DF2B-47DF-BBB8-9B8FF39A6BE7}.Release|ARM.ActiveCfg = Release|Any CPU
		{AE96A3DC-DF2B-47DF-BBB8-9B8FF39A6BE7}.Release|ARM.Build.0 = Release|Any CPU
		{AE96A3DC-DF2B-47DF-BBB8-9B8FF39A6BE7}.Release|ARM64.ActiveCfg = Release|Any CPU
		{AE96A3DC-DF2B-47DF-BBB8-9B8FF39A6BE7}.Release|ARM64.Build.0 = Release|Any CPU
		{AE96A3DC-DF2B-47DF-BBB8-9B8FF39A6BE7}.Release|x64.ActiveCfg = Release|x64
		{AE96A3DC-DF2B-47DF-BBB8-9B8FF39A6BE7}.Release|x64.Build.0 = Release|x64
		{AE96A3DC-DF2B-47DF-BBB8-9B8FF39A6BE7}.Release|x86.ActiveCfg = Release|x86
		{AE96A3DC-DF2B-47DF-BBB8-9B8FF39A6BE7}.Release|x86.Build.0 = Release|x86
		{7B7A983D-F438-4D1F-A6E6-38D3AD80AEF6}.Debug|Any CPU.ActiveCfg = Debug|Any CPU
		{7B7A983D-F438-4D1F-A6E6-38D3AD80AEF6}.Debug|Any CPU.Build.0 = Debug|Any CPU
		{7B7A983D-F438-4D1F-A6E6-38D3AD80AEF6}.Debug|ARM.ActiveCfg = Debug|Any CPU
		{7B7A983D-F438-4D1F-A6E6-38D3AD80AEF6}.Debug|ARM.Build.0 = Debug|Any CPU
		{7B7A983D-F438-4D1F-A6E6-38D3AD80AEF6}.Debug|ARM64.ActiveCfg = Debug|Any CPU
		{7B7A983D-F438-4D1F-A6E6-38D3AD80AEF6}.Debug|ARM64.Build.0 = Debug|Any CPU
		{7B7A983D-F438-4D1F-A6E6-38D3AD80AEF6}.Debug|x64.ActiveCfg = Debug|x64
		{7B7A983D-F438-4D1F-A6E6-38D3AD80AEF6}.Debug|x64.Build.0 = Debug|x64
		{7B7A983D-F438-4D1F-A6E6-38D3AD80AEF6}.Debug|x86.ActiveCfg = Debug|Any CPU
		{7B7A983D-F438-4D1F-A6E6-38D3AD80AEF6}.Debug|x86.Build.0 = Debug|Any CPU
		{7B7A983D-F438-4D1F-A6E6-38D3AD80AEF6}.Release|Any CPU.ActiveCfg = Release|Any CPU
		{7B7A983D-F438-4D1F-A6E6-38D3AD80AEF6}.Release|Any CPU.Build.0 = Release|Any CPU
		{7B7A983D-F438-4D1F-A6E6-38D3AD80AEF6}.Release|ARM.ActiveCfg = Release|Any CPU
		{7B7A983D-F438-4D1F-A6E6-38D3AD80AEF6}.Release|ARM.Build.0 = Release|Any CPU
		{7B7A983D-F438-4D1F-A6E6-38D3AD80AEF6}.Release|ARM64.ActiveCfg = Release|Any CPU
		{7B7A983D-F438-4D1F-A6E6-38D3AD80AEF6}.Release|ARM64.Build.0 = Release|Any CPU
		{7B7A983D-F438-4D1F-A6E6-38D3AD80AEF6}.Release|x64.ActiveCfg = Release|x64
		{7B7A983D-F438-4D1F-A6E6-38D3AD80AEF6}.Release|x64.Build.0 = Release|x64
		{7B7A983D-F438-4D1F-A6E6-38D3AD80AEF6}.Release|x86.ActiveCfg = Release|Any CPU
		{7B7A983D-F438-4D1F-A6E6-38D3AD80AEF6}.Release|x86.Build.0 = Release|Any CPU
		{F16AC82D-2859-43DB-ABD8-F47CD6D936E8}.Debug|Any CPU.ActiveCfg = Debug|Win32
		{F16AC82D-2859-43DB-ABD8-F47CD6D936E8}.Debug|ARM.ActiveCfg = Debug|Win32
		{F16AC82D-2859-43DB-ABD8-F47CD6D936E8}.Debug|ARM64.ActiveCfg = Debug|Win32
		{F16AC82D-2859-43DB-ABD8-F47CD6D936E8}.Debug|x64.ActiveCfg = Debug|x64
		{F16AC82D-2859-43DB-ABD8-F47CD6D936E8}.Debug|x64.Build.0 = Debug|x64
		{F16AC82D-2859-43DB-ABD8-F47CD6D936E8}.Debug|x86.ActiveCfg = Debug|Win32
		{F16AC82D-2859-43DB-ABD8-F47CD6D936E8}.Debug|x86.Build.0 = Debug|Win32
		{F16AC82D-2859-43DB-ABD8-F47CD6D936E8}.Release|Any CPU.ActiveCfg = Release|Win32
		{F16AC82D-2859-43DB-ABD8-F47CD6D936E8}.Release|ARM.ActiveCfg = Release|Win32
		{F16AC82D-2859-43DB-ABD8-F47CD6D936E8}.Release|ARM64.ActiveCfg = Release|Win32
		{F16AC82D-2859-43DB-ABD8-F47CD6D936E8}.Release|x64.ActiveCfg = Release|x64
		{F16AC82D-2859-43DB-ABD8-F47CD6D936E8}.Release|x64.Build.0 = Release|x64
		{F16AC82D-2859-43DB-ABD8-F47CD6D936E8}.Release|x86.ActiveCfg = Release|Win32
		{F16AC82D-2859-43DB-ABD8-F47CD6D936E8}.Release|x86.Build.0 = Release|Win32
		{4BDF0690-E743-441E-9CDE-576827A82A5C}.Debug|Any CPU.ActiveCfg = Debug|x64
		{4BDF0690-E743-441E-9CDE-576827A82A5C}.Debug|ARM.ActiveCfg = Debug|Any CPU
		{4BDF0690-E743-441E-9CDE-576827A82A5C}.Debug|ARM.Build.0 = Debug|Any CPU
		{4BDF0690-E743-441E-9CDE-576827A82A5C}.Debug|ARM64.ActiveCfg = Debug|Any CPU
		{4BDF0690-E743-441E-9CDE-576827A82A5C}.Debug|ARM64.Build.0 = Debug|Any CPU
		{4BDF0690-E743-441E-9CDE-576827A82A5C}.Debug|x64.ActiveCfg = Debug|x64
		{4BDF0690-E743-441E-9CDE-576827A82A5C}.Debug|x64.Build.0 = Debug|x64
		{4BDF0690-E743-441E-9CDE-576827A82A5C}.Debug|x86.ActiveCfg = Debug|x64
		{4BDF0690-E743-441E-9CDE-576827A82A5C}.Debug|x86.Build.0 = Debug|x64
		{4BDF0690-E743-441E-9CDE-576827A82A5C}.Release|Any CPU.ActiveCfg = Release|x64
		{4BDF0690-E743-441E-9CDE-576827A82A5C}.Release|Any CPU.Build.0 = Release|x64
		{4BDF0690-E743-441E-9CDE-576827A82A5C}.Release|ARM.ActiveCfg = Release|Any CPU
		{4BDF0690-E743-441E-9CDE-576827A82A5C}.Release|ARM.Build.0 = Release|Any CPU
		{4BDF0690-E743-441E-9CDE-576827A82A5C}.Release|ARM64.ActiveCfg = Release|Any CPU
		{4BDF0690-E743-441E-9CDE-576827A82A5C}.Release|ARM64.Build.0 = Release|Any CPU
		{4BDF0690-E743-441E-9CDE-576827A82A5C}.Release|x64.ActiveCfg = Release|x64
		{4BDF0690-E743-441E-9CDE-576827A82A5C}.Release|x64.Build.0 = Release|x64
		{4BDF0690-E743-441E-9CDE-576827A82A5C}.Release|x86.ActiveCfg = Release|x64
		{4BDF0690-E743-441E-9CDE-576827A82A5C}.Release|x86.Build.0 = Release|x64
		{1892DB95-40C4-4AE4-B7F9-2B593055E861}.Debug|Any CPU.ActiveCfg = Debug|Any CPU
		{1892DB95-40C4-4AE4-B7F9-2B593055E861}.Debug|Any CPU.Build.0 = Debug|Any CPU
		{1892DB95-40C4-4AE4-B7F9-2B593055E861}.Debug|ARM.ActiveCfg = Debug|Any CPU
		{1892DB95-40C4-4AE4-B7F9-2B593055E861}.Debug|ARM.Build.0 = Debug|Any CPU
		{1892DB95-40C4-4AE4-B7F9-2B593055E861}.Debug|ARM64.ActiveCfg = Debug|Any CPU
		{1892DB95-40C4-4AE4-B7F9-2B593055E861}.Debug|ARM64.Build.0 = Debug|Any CPU
		{1892DB95-40C4-4AE4-B7F9-2B593055E861}.Debug|x64.ActiveCfg = Debug|x64
		{1892DB95-40C4-4AE4-B7F9-2B593055E861}.Debug|x64.Build.0 = Debug|x64
		{1892DB95-40C4-4AE4-B7F9-2B593055E861}.Debug|x86.ActiveCfg = Debug|Any CPU
		{1892DB95-40C4-4AE4-B7F9-2B593055E861}.Debug|x86.Build.0 = Debug|Any CPU
		{1892DB95-40C4-4AE4-B7F9-2B593055E861}.Release|Any CPU.ActiveCfg = Release|Any CPU
		{1892DB95-40C4-4AE4-B7F9-2B593055E861}.Release|Any CPU.Build.0 = Release|Any CPU
		{1892DB95-40C4-4AE4-B7F9-2B593055E861}.Release|ARM.ActiveCfg = Release|Any CPU
		{1892DB95-40C4-4AE4-B7F9-2B593055E861}.Release|ARM.Build.0 = Release|Any CPU
		{1892DB95-40C4-4AE4-B7F9-2B593055E861}.Release|ARM64.ActiveCfg = Release|Any CPU
		{1892DB95-40C4-4AE4-B7F9-2B593055E861}.Release|ARM64.Build.0 = Release|Any CPU
		{1892DB95-40C4-4AE4-B7F9-2B593055E861}.Release|x64.ActiveCfg = Release|x64
		{1892DB95-40C4-4AE4-B7F9-2B593055E861}.Release|x64.Build.0 = Release|x64
		{1892DB95-40C4-4AE4-B7F9-2B593055E861}.Release|x86.ActiveCfg = Release|Any CPU
		{1892DB95-40C4-4AE4-B7F9-2B593055E861}.Release|x86.Build.0 = Release|Any CPU
		{41657521-AE6C-40D1-AC2B-65AE10458990}.Debug|Any CPU.ActiveCfg = Debug|Any CPU
		{41657521-AE6C-40D1-AC2B-65AE10458990}.Debug|Any CPU.Build.0 = Debug|Any CPU
		{41657521-AE6C-40D1-AC2B-65AE10458990}.Debug|Any CPU.Deploy.0 = Debug|Any CPU
		{41657521-AE6C-40D1-AC2B-65AE10458990}.Debug|ARM.ActiveCfg = Debug|ARM
		{41657521-AE6C-40D1-AC2B-65AE10458990}.Debug|ARM.Build.0 = Debug|ARM
		{41657521-AE6C-40D1-AC2B-65AE10458990}.Debug|ARM.Deploy.0 = Debug|ARM
		{41657521-AE6C-40D1-AC2B-65AE10458990}.Debug|ARM64.ActiveCfg = Debug|ARM64
		{41657521-AE6C-40D1-AC2B-65AE10458990}.Debug|ARM64.Build.0 = Debug|ARM64
		{41657521-AE6C-40D1-AC2B-65AE10458990}.Debug|ARM64.Deploy.0 = Debug|ARM64
		{41657521-AE6C-40D1-AC2B-65AE10458990}.Debug|x64.ActiveCfg = Debug|x64
		{41657521-AE6C-40D1-AC2B-65AE10458990}.Debug|x64.Build.0 = Debug|x64
		{41657521-AE6C-40D1-AC2B-65AE10458990}.Debug|x64.Deploy.0 = Debug|x64
		{41657521-AE6C-40D1-AC2B-65AE10458990}.Debug|x86.ActiveCfg = Debug|x86
		{41657521-AE6C-40D1-AC2B-65AE10458990}.Debug|x86.Build.0 = Debug|x86
		{41657521-AE6C-40D1-AC2B-65AE10458990}.Debug|x86.Deploy.0 = Debug|x86
		{41657521-AE6C-40D1-AC2B-65AE10458990}.Release|Any CPU.ActiveCfg = Release|Any CPU
		{41657521-AE6C-40D1-AC2B-65AE10458990}.Release|Any CPU.Build.0 = Release|Any CPU
		{41657521-AE6C-40D1-AC2B-65AE10458990}.Release|Any CPU.Deploy.0 = Release|Any CPU
		{41657521-AE6C-40D1-AC2B-65AE10458990}.Release|ARM.ActiveCfg = Release|ARM
		{41657521-AE6C-40D1-AC2B-65AE10458990}.Release|ARM.Build.0 = Release|ARM
		{41657521-AE6C-40D1-AC2B-65AE10458990}.Release|ARM.Deploy.0 = Release|ARM
		{41657521-AE6C-40D1-AC2B-65AE10458990}.Release|ARM64.ActiveCfg = Release|ARM64
		{41657521-AE6C-40D1-AC2B-65AE10458990}.Release|ARM64.Build.0 = Release|ARM64
		{41657521-AE6C-40D1-AC2B-65AE10458990}.Release|ARM64.Deploy.0 = Release|ARM64
		{41657521-AE6C-40D1-AC2B-65AE10458990}.Release|x64.ActiveCfg = Release|x64
		{41657521-AE6C-40D1-AC2B-65AE10458990}.Release|x64.Build.0 = Release|x64
		{41657521-AE6C-40D1-AC2B-65AE10458990}.Release|x64.Deploy.0 = Release|x64
		{41657521-AE6C-40D1-AC2B-65AE10458990}.Release|x86.ActiveCfg = Release|x86
		{41657521-AE6C-40D1-AC2B-65AE10458990}.Release|x86.Build.0 = Release|x86
		{41657521-AE6C-40D1-AC2B-65AE10458990}.Release|x86.Deploy.0 = Release|x86
		{A6EDABE1-B4AF-4994-BC67-56E3278F0046}.Debug|Any CPU.ActiveCfg = Debug|Any CPU
		{A6EDABE1-B4AF-4994-BC67-56E3278F0046}.Debug|Any CPU.Build.0 = Debug|Any CPU
		{A6EDABE1-B4AF-4994-BC67-56E3278F0046}.Debug|ARM.ActiveCfg = Debug|Any CPU
		{A6EDABE1-B4AF-4994-BC67-56E3278F0046}.Debug|ARM.Build.0 = Debug|Any CPU
		{A6EDABE1-B4AF-4994-BC67-56E3278F0046}.Debug|ARM64.ActiveCfg = Debug|Any CPU
		{A6EDABE1-B4AF-4994-BC67-56E3278F0046}.Debug|ARM64.Build.0 = Debug|Any CPU
		{A6EDABE1-B4AF-4994-BC67-56E3278F0046}.Debug|x64.ActiveCfg = Debug|Any CPU
		{A6EDABE1-B4AF-4994-BC67-56E3278F0046}.Debug|x64.Build.0 = Debug|Any CPU
		{A6EDABE1-B4AF-4994-BC67-56E3278F0046}.Debug|x86.ActiveCfg = Debug|Any CPU
		{A6EDABE1-B4AF-4994-BC67-56E3278F0046}.Debug|x86.Build.0 = Debug|Any CPU
		{A6EDABE1-B4AF-4994-BC67-56E3278F0046}.Release|Any CPU.ActiveCfg = Release|Any CPU
		{A6EDABE1-B4AF-4994-BC67-56E3278F0046}.Release|Any CPU.Build.0 = Release|Any CPU
		{A6EDABE1-B4AF-4994-BC67-56E3278F0046}.Release|ARM.ActiveCfg = Release|Any CPU
		{A6EDABE1-B4AF-4994-BC67-56E3278F0046}.Release|ARM.Build.0 = Release|Any CPU
		{A6EDABE1-B4AF-4994-BC67-56E3278F0046}.Release|ARM64.ActiveCfg = Release|Any CPU
		{A6EDABE1-B4AF-4994-BC67-56E3278F0046}.Release|ARM64.Build.0 = Release|Any CPU
		{A6EDABE1-B4AF-4994-BC67-56E3278F0046}.Release|x64.ActiveCfg = Release|x64
		{A6EDABE1-B4AF-4994-BC67-56E3278F0046}.Release|x64.Build.0 = Release|x64
		{A6EDABE1-B4AF-4994-BC67-56E3278F0046}.Release|x86.ActiveCfg = Release|Any CPU
		{A6EDABE1-B4AF-4994-BC67-56E3278F0046}.Release|x86.Build.0 = Release|Any CPU
		{7C6E5FC5-2F7E-4684-A98A-D39C75C1B0E6}.Debug|Any CPU.ActiveCfg = Debug|Any CPU
		{7C6E5FC5-2F7E-4684-A98A-D39C75C1B0E6}.Debug|Any CPU.Build.0 = Debug|Any CPU
		{7C6E5FC5-2F7E-4684-A98A-D39C75C1B0E6}.Debug|ARM.ActiveCfg = Debug|Any CPU
		{7C6E5FC5-2F7E-4684-A98A-D39C75C1B0E6}.Debug|ARM.Build.0 = Debug|Any CPU
		{7C6E5FC5-2F7E-4684-A98A-D39C75C1B0E6}.Debug|ARM64.ActiveCfg = Debug|Any CPU
		{7C6E5FC5-2F7E-4684-A98A-D39C75C1B0E6}.Debug|ARM64.Build.0 = Debug|Any CPU
		{7C6E5FC5-2F7E-4684-A98A-D39C75C1B0E6}.Debug|x64.ActiveCfg = Debug|x64
		{7C6E5FC5-2F7E-4684-A98A-D39C75C1B0E6}.Debug|x64.Build.0 = Debug|x64
		{7C6E5FC5-2F7E-4684-A98A-D39C75C1B0E6}.Debug|x86.ActiveCfg = Debug|Any CPU
		{7C6E5FC5-2F7E-4684-A98A-D39C75C1B0E6}.Debug|x86.Build.0 = Debug|Any CPU
		{7C6E5FC5-2F7E-4684-A98A-D39C75C1B0E6}.Release|Any CPU.ActiveCfg = Release|Any CPU
		{7C6E5FC5-2F7E-4684-A98A-D39C75C1B0E6}.Release|Any CPU.Build.0 = Release|Any CPU
		{7C6E5FC5-2F7E-4684-A98A-D39C75C1B0E6}.Release|ARM.ActiveCfg = Release|Any CPU
		{7C6E5FC5-2F7E-4684-A98A-D39C75C1B0E6}.Release|ARM.Build.0 = Release|Any CPU
		{7C6E5FC5-2F7E-4684-A98A-D39C75C1B0E6}.Release|ARM64.ActiveCfg = Release|Any CPU
		{7C6E5FC5-2F7E-4684-A98A-D39C75C1B0E6}.Release|ARM64.Build.0 = Release|Any CPU
		{7C6E5FC5-2F7E-4684-A98A-D39C75C1B0E6}.Release|x64.ActiveCfg = Release|x64
		{7C6E5FC5-2F7E-4684-A98A-D39C75C1B0E6}.Release|x64.Build.0 = Release|x64
		{7C6E5FC5-2F7E-4684-A98A-D39C75C1B0E6}.Release|x86.ActiveCfg = Release|Any CPU
		{7C6E5FC5-2F7E-4684-A98A-D39C75C1B0E6}.Release|x86.Build.0 = Release|Any CPU
		{92513AEA-0B04-4AC5-9679-8B57AD98FC73}.Debug|Any CPU.ActiveCfg = Debug|Any CPU
		{92513AEA-0B04-4AC5-9679-8B57AD98FC73}.Debug|Any CPU.Build.0 = Debug|Any CPU
		{92513AEA-0B04-4AC5-9679-8B57AD98FC73}.Debug|ARM.ActiveCfg = Debug|Any CPU
		{92513AEA-0B04-4AC5-9679-8B57AD98FC73}.Debug|ARM.Build.0 = Debug|Any CPU
		{92513AEA-0B04-4AC5-9679-8B57AD98FC73}.Debug|ARM64.ActiveCfg = Debug|Any CPU
		{92513AEA-0B04-4AC5-9679-8B57AD98FC73}.Debug|ARM64.Build.0 = Debug|Any CPU
		{92513AEA-0B04-4AC5-9679-8B57AD98FC73}.Debug|x64.ActiveCfg = Debug|Any CPU
		{92513AEA-0B04-4AC5-9679-8B57AD98FC73}.Debug|x64.Build.0 = Debug|Any CPU
		{92513AEA-0B04-4AC5-9679-8B57AD98FC73}.Debug|x86.ActiveCfg = Debug|Any CPU
		{92513AEA-0B04-4AC5-9679-8B57AD98FC73}.Debug|x86.Build.0 = Debug|Any CPU
		{92513AEA-0B04-4AC5-9679-8B57AD98FC73}.Release|Any CPU.ActiveCfg = Release|Any CPU
		{92513AEA-0B04-4AC5-9679-8B57AD98FC73}.Release|Any CPU.Build.0 = Release|Any CPU
		{92513AEA-0B04-4AC5-9679-8B57AD98FC73}.Release|ARM.ActiveCfg = Release|Any CPU
		{92513AEA-0B04-4AC5-9679-8B57AD98FC73}.Release|ARM.Build.0 = Release|Any CPU
		{92513AEA-0B04-4AC5-9679-8B57AD98FC73}.Release|ARM64.ActiveCfg = Release|Any CPU
		{92513AEA-0B04-4AC5-9679-8B57AD98FC73}.Release|ARM64.Build.0 = Release|Any CPU
		{92513AEA-0B04-4AC5-9679-8B57AD98FC73}.Release|x64.ActiveCfg = Release|x64
		{92513AEA-0B04-4AC5-9679-8B57AD98FC73}.Release|x64.Build.0 = Release|x64
		{92513AEA-0B04-4AC5-9679-8B57AD98FC73}.Release|x86.ActiveCfg = Release|Any CPU
		{92513AEA-0B04-4AC5-9679-8B57AD98FC73}.Release|x86.Build.0 = Release|Any CPU
		{83E5A4B5-6DD1-47B7-9ED6-C48A9FA7F816}.Debug|Any CPU.ActiveCfg = Debug|Any CPU
		{83E5A4B5-6DD1-47B7-9ED6-C48A9FA7F816}.Debug|Any CPU.Build.0 = Debug|Any CPU
		{83E5A4B5-6DD1-47B7-9ED6-C48A9FA7F816}.Debug|ARM.ActiveCfg = Debug|Any CPU
		{83E5A4B5-6DD1-47B7-9ED6-C48A9FA7F816}.Debug|ARM.Build.0 = Debug|Any CPU
		{83E5A4B5-6DD1-47B7-9ED6-C48A9FA7F816}.Debug|ARM64.ActiveCfg = Debug|Any CPU
		{83E5A4B5-6DD1-47B7-9ED6-C48A9FA7F816}.Debug|ARM64.Build.0 = Debug|Any CPU
		{83E5A4B5-6DD1-47B7-9ED6-C48A9FA7F816}.Debug|x64.ActiveCfg = Debug|x64
		{83E5A4B5-6DD1-47B7-9ED6-C48A9FA7F816}.Debug|x64.Build.0 = Debug|x64
		{83E5A4B5-6DD1-47B7-9ED6-C48A9FA7F816}.Debug|x86.ActiveCfg = Debug|Any CPU
		{83E5A4B5-6DD1-47B7-9ED6-C48A9FA7F816}.Debug|x86.Build.0 = Debug|Any CPU
		{83E5A4B5-6DD1-47B7-9ED6-C48A9FA7F816}.Release|Any CPU.ActiveCfg = Release|Any CPU
		{83E5A4B5-6DD1-47B7-9ED6-C48A9FA7F816}.Release|Any CPU.Build.0 = Release|Any CPU
		{83E5A4B5-6DD1-47B7-9ED6-C48A9FA7F816}.Release|ARM.ActiveCfg = Release|Any CPU
		{83E5A4B5-6DD1-47B7-9ED6-C48A9FA7F816}.Release|ARM.Build.0 = Release|Any CPU
		{83E5A4B5-6DD1-47B7-9ED6-C48A9FA7F816}.Release|ARM64.ActiveCfg = Release|Any CPU
		{83E5A4B5-6DD1-47B7-9ED6-C48A9FA7F816}.Release|ARM64.Build.0 = Release|Any CPU
		{83E5A4B5-6DD1-47B7-9ED6-C48A9FA7F816}.Release|x64.ActiveCfg = Release|x64
		{83E5A4B5-6DD1-47B7-9ED6-C48A9FA7F816}.Release|x64.Build.0 = Release|x64
		{83E5A4B5-6DD1-47B7-9ED6-C48A9FA7F816}.Release|x86.ActiveCfg = Release|Any CPU
		{83E5A4B5-6DD1-47B7-9ED6-C48A9FA7F816}.Release|x86.Build.0 = Release|Any CPU
		{F15E6D62-E4E0-4D16-BB27-95EC784479B7}.Debug|Any CPU.ActiveCfg = Debug|Any CPU
		{F15E6D62-E4E0-4D16-BB27-95EC784479B7}.Debug|Any CPU.Build.0 = Debug|Any CPU
		{F15E6D62-E4E0-4D16-BB27-95EC784479B7}.Debug|ARM.ActiveCfg = Debug|Any CPU
		{F15E6D62-E4E0-4D16-BB27-95EC784479B7}.Debug|ARM.Build.0 = Debug|Any CPU
		{F15E6D62-E4E0-4D16-BB27-95EC784479B7}.Debug|ARM64.ActiveCfg = Debug|Any CPU
		{F15E6D62-E4E0-4D16-BB27-95EC784479B7}.Debug|ARM64.Build.0 = Debug|Any CPU
		{F15E6D62-E4E0-4D16-BB27-95EC784479B7}.Debug|x64.ActiveCfg = Debug|x64
		{F15E6D62-E4E0-4D16-BB27-95EC784479B7}.Debug|x64.Build.0 = Debug|x64
		{F15E6D62-E4E0-4D16-BB27-95EC784479B7}.Debug|x86.ActiveCfg = Debug|Any CPU
		{F15E6D62-E4E0-4D16-BB27-95EC784479B7}.Debug|x86.Build.0 = Debug|Any CPU
		{F15E6D62-E4E0-4D16-BB27-95EC784479B7}.Release|Any CPU.ActiveCfg = Release|Any CPU
		{F15E6D62-E4E0-4D16-BB27-95EC784479B7}.Release|Any CPU.Build.0 = Release|Any CPU
		{F15E6D62-E4E0-4D16-BB27-95EC784479B7}.Release|ARM.ActiveCfg = Release|Any CPU
		{F15E6D62-E4E0-4D16-BB27-95EC784479B7}.Release|ARM.Build.0 = Release|Any CPU
		{F15E6D62-E4E0-4D16-BB27-95EC784479B7}.Release|ARM64.ActiveCfg = Release|Any CPU
		{F15E6D62-E4E0-4D16-BB27-95EC784479B7}.Release|ARM64.Build.0 = Release|Any CPU
		{F15E6D62-E4E0-4D16-BB27-95EC784479B7}.Release|x64.ActiveCfg = Release|x64
		{F15E6D62-E4E0-4D16-BB27-95EC784479B7}.Release|x64.Build.0 = Release|x64
		{F15E6D62-E4E0-4D16-BB27-95EC784479B7}.Release|x86.ActiveCfg = Release|x86
		{F15E6D62-E4E0-4D16-BB27-95EC784479B7}.Release|x86.Build.0 = Release|x86
		{FCC5CDB0-1922-4F46-92BC-5A134DD9BAEF}.Debug|Any CPU.ActiveCfg = Debug|Any CPU
		{FCC5CDB0-1922-4F46-92BC-5A134DD9BAEF}.Debug|Any CPU.Build.0 = Debug|Any CPU
		{FCC5CDB0-1922-4F46-92BC-5A134DD9BAEF}.Debug|ARM.ActiveCfg = Debug|Any CPU
		{FCC5CDB0-1922-4F46-92BC-5A134DD9BAEF}.Debug|ARM.Build.0 = Debug|Any CPU
		{FCC5CDB0-1922-4F46-92BC-5A134DD9BAEF}.Debug|ARM64.ActiveCfg = Debug|Any CPU
		{FCC5CDB0-1922-4F46-92BC-5A134DD9BAEF}.Debug|ARM64.Build.0 = Debug|Any CPU
		{FCC5CDB0-1922-4F46-92BC-5A134DD9BAEF}.Debug|x64.ActiveCfg = Debug|Any CPU
		{FCC5CDB0-1922-4F46-92BC-5A134DD9BAEF}.Debug|x64.Build.0 = Debug|Any CPU
		{FCC5CDB0-1922-4F46-92BC-5A134DD9BAEF}.Debug|x86.ActiveCfg = Debug|Any CPU
		{FCC5CDB0-1922-4F46-92BC-5A134DD9BAEF}.Debug|x86.Build.0 = Debug|Any CPU
		{FCC5CDB0-1922-4F46-92BC-5A134DD9BAEF}.Release|Any CPU.ActiveCfg = Release|Any CPU
		{FCC5CDB0-1922-4F46-92BC-5A134DD9BAEF}.Release|Any CPU.Build.0 = Release|Any CPU
		{FCC5CDB0-1922-4F46-92BC-5A134DD9BAEF}.Release|ARM.ActiveCfg = Release|Any CPU
		{FCC5CDB0-1922-4F46-92BC-5A134DD9BAEF}.Release|ARM.Build.0 = Release|Any CPU
		{FCC5CDB0-1922-4F46-92BC-5A134DD9BAEF}.Release|ARM64.ActiveCfg = Release|Any CPU
		{FCC5CDB0-1922-4F46-92BC-5A134DD9BAEF}.Release|ARM64.Build.0 = Release|Any CPU
		{FCC5CDB0-1922-4F46-92BC-5A134DD9BAEF}.Release|x64.ActiveCfg = Release|x64
		{FCC5CDB0-1922-4F46-92BC-5A134DD9BAEF}.Release|x64.Build.0 = Release|x64
		{FCC5CDB0-1922-4F46-92BC-5A134DD9BAEF}.Release|x86.ActiveCfg = Release|Any CPU
		{FCC5CDB0-1922-4F46-92BC-5A134DD9BAEF}.Release|x86.Build.0 = Release|Any CPU
		{222999E1-3032-4F3A-89D1-A652A828D50B}.Debug|Any CPU.ActiveCfg = Debug|Any CPU
		{222999E1-3032-4F3A-89D1-A652A828D50B}.Debug|Any CPU.Build.0 = Debug|Any CPU
		{222999E1-3032-4F3A-89D1-A652A828D50B}.Debug|ARM.ActiveCfg = Debug|Any CPU
		{222999E1-3032-4F3A-89D1-A652A828D50B}.Debug|ARM.Build.0 = Debug|Any CPU
		{222999E1-3032-4F3A-89D1-A652A828D50B}.Debug|ARM64.ActiveCfg = Debug|Any CPU
		{222999E1-3032-4F3A-89D1-A652A828D50B}.Debug|ARM64.Build.0 = Debug|Any CPU
		{222999E1-3032-4F3A-89D1-A652A828D50B}.Debug|x64.ActiveCfg = Debug|Any CPU
		{222999E1-3032-4F3A-89D1-A652A828D50B}.Debug|x64.Build.0 = Debug|Any CPU
		{222999E1-3032-4F3A-89D1-A652A828D50B}.Debug|x86.ActiveCfg = Debug|Any CPU
		{222999E1-3032-4F3A-89D1-A652A828D50B}.Debug|x86.Build.0 = Debug|Any CPU
		{222999E1-3032-4F3A-89D1-A652A828D50B}.Release|Any CPU.ActiveCfg = Release|Any CPU
		{222999E1-3032-4F3A-89D1-A652A828D50B}.Release|Any CPU.Build.0 = Release|Any CPU
		{222999E1-3032-4F3A-89D1-A652A828D50B}.Release|ARM.ActiveCfg = Release|Any CPU
		{222999E1-3032-4F3A-89D1-A652A828D50B}.Release|ARM.Build.0 = Release|Any CPU
		{222999E1-3032-4F3A-89D1-A652A828D50B}.Release|ARM64.ActiveCfg = Release|Any CPU
		{222999E1-3032-4F3A-89D1-A652A828D50B}.Release|ARM64.Build.0 = Release|Any CPU
		{222999E1-3032-4F3A-89D1-A652A828D50B}.Release|x64.ActiveCfg = Release|x64
		{222999E1-3032-4F3A-89D1-A652A828D50B}.Release|x64.Build.0 = Release|x64
		{222999E1-3032-4F3A-89D1-A652A828D50B}.Release|x86.ActiveCfg = Release|Any CPU
		{222999E1-3032-4F3A-89D1-A652A828D50B}.Release|x86.Build.0 = Release|Any CPU
		{130CA348-E66E-405F-9527-36E61D99D15F}.Debug|Any CPU.ActiveCfg = Debug|Any CPU
		{130CA348-E66E-405F-9527-36E61D99D15F}.Debug|Any CPU.Build.0 = Debug|Any CPU
		{130CA348-E66E-405F-9527-36E61D99D15F}.Debug|ARM.ActiveCfg = Debug|Any CPU
		{130CA348-E66E-405F-9527-36E61D99D15F}.Debug|ARM.Build.0 = Debug|Any CPU
		{130CA348-E66E-405F-9527-36E61D99D15F}.Debug|ARM64.ActiveCfg = Debug|Any CPU
		{130CA348-E66E-405F-9527-36E61D99D15F}.Debug|ARM64.Build.0 = Debug|Any CPU
		{130CA348-E66E-405F-9527-36E61D99D15F}.Debug|x64.ActiveCfg = Debug|x64
		{130CA348-E66E-405F-9527-36E61D99D15F}.Debug|x64.Build.0 = Debug|x64
		{130CA348-E66E-405F-9527-36E61D99D15F}.Debug|x86.ActiveCfg = Debug|x86
		{130CA348-E66E-405F-9527-36E61D99D15F}.Debug|x86.Build.0 = Debug|x86
		{130CA348-E66E-405F-9527-36E61D99D15F}.Release|Any CPU.ActiveCfg = Release|Any CPU
		{130CA348-E66E-405F-9527-36E61D99D15F}.Release|Any CPU.Build.0 = Release|Any CPU
		{130CA348-E66E-405F-9527-36E61D99D15F}.Release|ARM.ActiveCfg = Release|Any CPU
		{130CA348-E66E-405F-9527-36E61D99D15F}.Release|ARM.Build.0 = Release|Any CPU
		{130CA348-E66E-405F-9527-36E61D99D15F}.Release|ARM64.ActiveCfg = Release|Any CPU
		{130CA348-E66E-405F-9527-36E61D99D15F}.Release|ARM64.Build.0 = Release|Any CPU
		{130CA348-E66E-405F-9527-36E61D99D15F}.Release|x64.ActiveCfg = Release|x64
		{130CA348-E66E-405F-9527-36E61D99D15F}.Release|x64.Build.0 = Release|x64
		{130CA348-E66E-405F-9527-36E61D99D15F}.Release|x86.ActiveCfg = Release|x86
		{130CA348-E66E-405F-9527-36E61D99D15F}.Release|x86.Build.0 = Release|x86
		{3DF7229E-F345-4FF8-9279-764DBF8B73E8}.Debug|Any CPU.ActiveCfg = Debug|Any CPU
		{3DF7229E-F345-4FF8-9279-764DBF8B73E8}.Debug|Any CPU.Build.0 = Debug|Any CPU
		{3DF7229E-F345-4FF8-9279-764DBF8B73E8}.Debug|Any CPU.Deploy.0 = Debug|Any CPU
		{3DF7229E-F345-4FF8-9279-764DBF8B73E8}.Debug|ARM.ActiveCfg = Debug|ARM
		{3DF7229E-F345-4FF8-9279-764DBF8B73E8}.Debug|ARM.Build.0 = Debug|ARM
		{3DF7229E-F345-4FF8-9279-764DBF8B73E8}.Debug|ARM.Deploy.0 = Debug|ARM
		{3DF7229E-F345-4FF8-9279-764DBF8B73E8}.Debug|ARM64.ActiveCfg = Debug|ARM64
		{3DF7229E-F345-4FF8-9279-764DBF8B73E8}.Debug|ARM64.Build.0 = Debug|ARM64
		{3DF7229E-F345-4FF8-9279-764DBF8B73E8}.Debug|ARM64.Deploy.0 = Debug|ARM64
		{3DF7229E-F345-4FF8-9279-764DBF8B73E8}.Debug|x64.ActiveCfg = Debug|x64
		{3DF7229E-F345-4FF8-9279-764DBF8B73E8}.Debug|x64.Build.0 = Debug|x64
		{3DF7229E-F345-4FF8-9279-764DBF8B73E8}.Debug|x64.Deploy.0 = Debug|x64
		{3DF7229E-F345-4FF8-9279-764DBF8B73E8}.Debug|x86.ActiveCfg = Debug|x86
		{3DF7229E-F345-4FF8-9279-764DBF8B73E8}.Debug|x86.Build.0 = Debug|x86
		{3DF7229E-F345-4FF8-9279-764DBF8B73E8}.Debug|x86.Deploy.0 = Debug|x86
		{3DF7229E-F345-4FF8-9279-764DBF8B73E8}.Release|Any CPU.ActiveCfg = Release|Any CPU
		{3DF7229E-F345-4FF8-9279-764DBF8B73E8}.Release|Any CPU.Build.0 = Release|Any CPU
		{3DF7229E-F345-4FF8-9279-764DBF8B73E8}.Release|Any CPU.Deploy.0 = Release|Any CPU
		{3DF7229E-F345-4FF8-9279-764DBF8B73E8}.Release|ARM.ActiveCfg = Release|ARM
		{3DF7229E-F345-4FF8-9279-764DBF8B73E8}.Release|ARM.Build.0 = Release|ARM
		{3DF7229E-F345-4FF8-9279-764DBF8B73E8}.Release|ARM.Deploy.0 = Release|ARM
		{3DF7229E-F345-4FF8-9279-764DBF8B73E8}.Release|ARM64.ActiveCfg = Release|ARM64
		{3DF7229E-F345-4FF8-9279-764DBF8B73E8}.Release|ARM64.Build.0 = Release|ARM64
		{3DF7229E-F345-4FF8-9279-764DBF8B73E8}.Release|ARM64.Deploy.0 = Release|ARM64
		{3DF7229E-F345-4FF8-9279-764DBF8B73E8}.Release|x64.ActiveCfg = Release|x64
		{3DF7229E-F345-4FF8-9279-764DBF8B73E8}.Release|x64.Build.0 = Release|x64
		{3DF7229E-F345-4FF8-9279-764DBF8B73E8}.Release|x64.Deploy.0 = Release|x64
		{3DF7229E-F345-4FF8-9279-764DBF8B73E8}.Release|x86.ActiveCfg = Release|x86
		{3DF7229E-F345-4FF8-9279-764DBF8B73E8}.Release|x86.Build.0 = Release|x86
		{3DF7229E-F345-4FF8-9279-764DBF8B73E8}.Release|x86.Deploy.0 = Release|x86
		{F01FCEF9-B1AE-48C5-BE44-78B29E99E31B}.Debug|Any CPU.ActiveCfg = Debug|Any CPU
		{F01FCEF9-B1AE-48C5-BE44-78B29E99E31B}.Debug|Any CPU.Build.0 = Debug|Any CPU
		{F01FCEF9-B1AE-48C5-BE44-78B29E99E31B}.Debug|ARM.ActiveCfg = Debug|Any CPU
		{F01FCEF9-B1AE-48C5-BE44-78B29E99E31B}.Debug|ARM.Build.0 = Debug|Any CPU
		{F01FCEF9-B1AE-48C5-BE44-78B29E99E31B}.Debug|ARM64.ActiveCfg = Debug|Any CPU
		{F01FCEF9-B1AE-48C5-BE44-78B29E99E31B}.Debug|ARM64.Build.0 = Debug|Any CPU
		{F01FCEF9-B1AE-48C5-BE44-78B29E99E31B}.Debug|x64.ActiveCfg = Debug|Any CPU
		{F01FCEF9-B1AE-48C5-BE44-78B29E99E31B}.Debug|x64.Build.0 = Debug|Any CPU
		{F01FCEF9-B1AE-48C5-BE44-78B29E99E31B}.Debug|x86.ActiveCfg = Debug|Any CPU
		{F01FCEF9-B1AE-48C5-BE44-78B29E99E31B}.Debug|x86.Build.0 = Debug|Any CPU
		{F01FCEF9-B1AE-48C5-BE44-78B29E99E31B}.Release|Any CPU.ActiveCfg = Release|Any CPU
		{F01FCEF9-B1AE-48C5-BE44-78B29E99E31B}.Release|Any CPU.Build.0 = Release|Any CPU
		{F01FCEF9-B1AE-48C5-BE44-78B29E99E31B}.Release|ARM.ActiveCfg = Release|Any CPU
		{F01FCEF9-B1AE-48C5-BE44-78B29E99E31B}.Release|ARM.Build.0 = Release|Any CPU
		{F01FCEF9-B1AE-48C5-BE44-78B29E99E31B}.Release|ARM64.ActiveCfg = Release|Any CPU
		{F01FCEF9-B1AE-48C5-BE44-78B29E99E31B}.Release|ARM64.Build.0 = Release|Any CPU
		{F01FCEF9-B1AE-48C5-BE44-78B29E99E31B}.Release|x64.ActiveCfg = Release|x64
		{F01FCEF9-B1AE-48C5-BE44-78B29E99E31B}.Release|x64.Build.0 = Release|x64
		{F01FCEF9-B1AE-48C5-BE44-78B29E99E31B}.Release|x86.ActiveCfg = Release|Any CPU
		{F01FCEF9-B1AE-48C5-BE44-78B29E99E31B}.Release|x86.Build.0 = Release|Any CPU
		{1EE70124-D485-4D7B-B0B9-73FCAACE0C9D}.Debug|Any CPU.ActiveCfg = Debug|Any CPU
		{1EE70124-D485-4D7B-B0B9-73FCAACE0C9D}.Debug|Any CPU.Build.0 = Debug|Any CPU
		{1EE70124-D485-4D7B-B0B9-73FCAACE0C9D}.Debug|ARM.ActiveCfg = Debug|Any CPU
		{1EE70124-D485-4D7B-B0B9-73FCAACE0C9D}.Debug|ARM.Build.0 = Debug|Any CPU
		{1EE70124-D485-4D7B-B0B9-73FCAACE0C9D}.Debug|ARM64.ActiveCfg = Debug|Any CPU
		{1EE70124-D485-4D7B-B0B9-73FCAACE0C9D}.Debug|ARM64.Build.0 = Debug|Any CPU
		{1EE70124-D485-4D7B-B0B9-73FCAACE0C9D}.Debug|x64.ActiveCfg = Debug|x64
		{1EE70124-D485-4D7B-B0B9-73FCAACE0C9D}.Debug|x64.Build.0 = Debug|x64
		{1EE70124-D485-4D7B-B0B9-73FCAACE0C9D}.Debug|x86.ActiveCfg = Debug|Any CPU
		{1EE70124-D485-4D7B-B0B9-73FCAACE0C9D}.Debug|x86.Build.0 = Debug|Any CPU
		{1EE70124-D485-4D7B-B0B9-73FCAACE0C9D}.Release|Any CPU.ActiveCfg = Release|Any CPU
		{1EE70124-D485-4D7B-B0B9-73FCAACE0C9D}.Release|Any CPU.Build.0 = Release|Any CPU
		{1EE70124-D485-4D7B-B0B9-73FCAACE0C9D}.Release|ARM.ActiveCfg = Release|Any CPU
		{1EE70124-D485-4D7B-B0B9-73FCAACE0C9D}.Release|ARM.Build.0 = Release|Any CPU
		{1EE70124-D485-4D7B-B0B9-73FCAACE0C9D}.Release|ARM64.ActiveCfg = Release|Any CPU
		{1EE70124-D485-4D7B-B0B9-73FCAACE0C9D}.Release|ARM64.Build.0 = Release|Any CPU
		{1EE70124-D485-4D7B-B0B9-73FCAACE0C9D}.Release|x64.ActiveCfg = Release|x64
		{1EE70124-D485-4D7B-B0B9-73FCAACE0C9D}.Release|x64.Build.0 = Release|x64
		{1EE70124-D485-4D7B-B0B9-73FCAACE0C9D}.Release|x86.ActiveCfg = Release|x86
		{1EE70124-D485-4D7B-B0B9-73FCAACE0C9D}.Release|x86.Build.0 = Release|x86
		{6D2EEAA6-449D-4C84-996A-B1F7D64C7061}.Debug|Any CPU.ActiveCfg = Debug|Any CPU
		{6D2EEAA6-449D-4C84-996A-B1F7D64C7061}.Debug|Any CPU.Build.0 = Debug|Any CPU
		{6D2EEAA6-449D-4C84-996A-B1F7D64C7061}.Debug|ARM.ActiveCfg = Debug|Any CPU
		{6D2EEAA6-449D-4C84-996A-B1F7D64C7061}.Debug|ARM.Build.0 = Debug|Any CPU
		{6D2EEAA6-449D-4C84-996A-B1F7D64C7061}.Debug|ARM64.ActiveCfg = Debug|Any CPU
		{6D2EEAA6-449D-4C84-996A-B1F7D64C7061}.Debug|ARM64.Build.0 = Debug|Any CPU
		{6D2EEAA6-449D-4C84-996A-B1F7D64C7061}.Debug|x64.ActiveCfg = Debug|x64
		{6D2EEAA6-449D-4C84-996A-B1F7D64C7061}.Debug|x64.Build.0 = Debug|x64
		{6D2EEAA6-449D-4C84-996A-B1F7D64C7061}.Debug|x86.ActiveCfg = Debug|Any CPU
		{6D2EEAA6-449D-4C84-996A-B1F7D64C7061}.Debug|x86.Build.0 = Debug|Any CPU
		{6D2EEAA6-449D-4C84-996A-B1F7D64C7061}.Release|Any CPU.ActiveCfg = Release|Any CPU
		{6D2EEAA6-449D-4C84-996A-B1F7D64C7061}.Release|Any CPU.Build.0 = Release|Any CPU
		{6D2EEAA6-449D-4C84-996A-B1F7D64C7061}.Release|ARM.ActiveCfg = Release|Any CPU
		{6D2EEAA6-449D-4C84-996A-B1F7D64C7061}.Release|ARM.Build.0 = Release|Any CPU
		{6D2EEAA6-449D-4C84-996A-B1F7D64C7061}.Release|ARM64.ActiveCfg = Release|Any CPU
		{6D2EEAA6-449D-4C84-996A-B1F7D64C7061}.Release|ARM64.Build.0 = Release|Any CPU
		{6D2EEAA6-449D-4C84-996A-B1F7D64C7061}.Release|x64.ActiveCfg = Release|x64
		{6D2EEAA6-449D-4C84-996A-B1F7D64C7061}.Release|x64.Build.0 = Release|x64
		{6D2EEAA6-449D-4C84-996A-B1F7D64C7061}.Release|x86.ActiveCfg = Release|x86
		{6D2EEAA6-449D-4C84-996A-B1F7D64C7061}.Release|x86.Build.0 = Release|x86
		{DEBFB136-318C-4807-9516-D00F743B33E5}.Debug|Any CPU.ActiveCfg = Debug|Any CPU
		{DEBFB136-318C-4807-9516-D00F743B33E5}.Debug|Any CPU.Build.0 = Debug|Any CPU
		{DEBFB136-318C-4807-9516-D00F743B33E5}.Debug|ARM.ActiveCfg = Debug|Any CPU
		{DEBFB136-318C-4807-9516-D00F743B33E5}.Debug|ARM.Build.0 = Debug|Any CPU
		{DEBFB136-318C-4807-9516-D00F743B33E5}.Debug|ARM64.ActiveCfg = Debug|Any CPU
		{DEBFB136-318C-4807-9516-D00F743B33E5}.Debug|ARM64.Build.0 = Debug|Any CPU
		{DEBFB136-318C-4807-9516-D00F743B33E5}.Debug|x64.ActiveCfg = Debug|x64
		{DEBFB136-318C-4807-9516-D00F743B33E5}.Debug|x64.Build.0 = Debug|x64
		{DEBFB136-318C-4807-9516-D00F743B33E5}.Debug|x86.ActiveCfg = Debug|Any CPU
		{DEBFB136-318C-4807-9516-D00F743B33E5}.Debug|x86.Build.0 = Debug|Any CPU
		{DEBFB136-318C-4807-9516-D00F743B33E5}.Release|Any CPU.ActiveCfg = Release|Any CPU
		{DEBFB136-318C-4807-9516-D00F743B33E5}.Release|Any CPU.Build.0 = Release|Any CPU
		{DEBFB136-318C-4807-9516-D00F743B33E5}.Release|ARM.ActiveCfg = Release|Any CPU
		{DEBFB136-318C-4807-9516-D00F743B33E5}.Release|ARM.Build.0 = Release|Any CPU
		{DEBFB136-318C-4807-9516-D00F743B33E5}.Release|ARM64.ActiveCfg = Release|Any CPU
		{DEBFB136-318C-4807-9516-D00F743B33E5}.Release|ARM64.Build.0 = Release|Any CPU
		{DEBFB136-318C-4807-9516-D00F743B33E5}.Release|x64.ActiveCfg = Release|x64
		{DEBFB136-318C-4807-9516-D00F743B33E5}.Release|x64.Build.0 = Release|x64
		{DEBFB136-318C-4807-9516-D00F743B33E5}.Release|x86.ActiveCfg = Release|Any CPU
		{DEBFB136-318C-4807-9516-D00F743B33E5}.Release|x86.Build.0 = Release|Any CPU
		{471D009D-7845-4164-A941-308738A4B41A}.Debug|Any CPU.ActiveCfg = Debug|Any CPU
		{471D009D-7845-4164-A941-308738A4B41A}.Debug|Any CPU.Build.0 = Debug|Any CPU
		{471D009D-7845-4164-A941-308738A4B41A}.Debug|ARM.ActiveCfg = Debug|Any CPU
		{471D009D-7845-4164-A941-308738A4B41A}.Debug|ARM.Build.0 = Debug|Any CPU
		{471D009D-7845-4164-A941-308738A4B41A}.Debug|ARM64.ActiveCfg = Debug|Any CPU
		{471D009D-7845-4164-A941-308738A4B41A}.Debug|ARM64.Build.0 = Debug|Any CPU
		{471D009D-7845-4164-A941-308738A4B41A}.Debug|x64.ActiveCfg = Debug|x64
		{471D009D-7845-4164-A941-308738A4B41A}.Debug|x64.Build.0 = Debug|x64
		{471D009D-7845-4164-A941-308738A4B41A}.Debug|x86.ActiveCfg = Debug|Any CPU
		{471D009D-7845-4164-A941-308738A4B41A}.Debug|x86.Build.0 = Debug|Any CPU
		{471D009D-7845-4164-A941-308738A4B41A}.Release|Any CPU.ActiveCfg = Release|Any CPU
		{471D009D-7845-4164-A941-308738A4B41A}.Release|Any CPU.Build.0 = Release|Any CPU
		{471D009D-7845-4164-A941-308738A4B41A}.Release|ARM.ActiveCfg = Release|Any CPU
		{471D009D-7845-4164-A941-308738A4B41A}.Release|ARM.Build.0 = Release|Any CPU
		{471D009D-7845-4164-A941-308738A4B41A}.Release|ARM64.ActiveCfg = Release|Any CPU
		{471D009D-7845-4164-A941-308738A4B41A}.Release|ARM64.Build.0 = Release|Any CPU
		{471D009D-7845-4164-A941-308738A4B41A}.Release|x64.ActiveCfg = Release|x64
		{471D009D-7845-4164-A941-308738A4B41A}.Release|x64.Build.0 = Release|x64
		{471D009D-7845-4164-A941-308738A4B41A}.Release|x86.ActiveCfg = Release|Any CPU
		{471D009D-7845-4164-A941-308738A4B41A}.Release|x86.Build.0 = Release|Any CPU
		{57D11E5D-F037-4CC9-9DA1-9C796C0B35FF}.Debug|Any CPU.ActiveCfg = Debug|Any CPU
		{57D11E5D-F037-4CC9-9DA1-9C796C0B35FF}.Debug|Any CPU.Build.0 = Debug|Any CPU
		{57D11E5D-F037-4CC9-9DA1-9C796C0B35FF}.Debug|ARM.ActiveCfg = Debug|Any CPU
		{57D11E5D-F037-4CC9-9DA1-9C796C0B35FF}.Debug|ARM.Build.0 = Debug|Any CPU
		{57D11E5D-F037-4CC9-9DA1-9C796C0B35FF}.Debug|ARM64.ActiveCfg = Debug|Any CPU
		{57D11E5D-F037-4CC9-9DA1-9C796C0B35FF}.Debug|ARM64.Build.0 = Debug|Any CPU
		{57D11E5D-F037-4CC9-9DA1-9C796C0B35FF}.Debug|x64.ActiveCfg = Debug|x64
		{57D11E5D-F037-4CC9-9DA1-9C796C0B35FF}.Debug|x64.Build.0 = Debug|x64
		{57D11E5D-F037-4CC9-9DA1-9C796C0B35FF}.Debug|x86.ActiveCfg = Debug|Any CPU
		{57D11E5D-F037-4CC9-9DA1-9C796C0B35FF}.Debug|x86.Build.0 = Debug|Any CPU
		{57D11E5D-F037-4CC9-9DA1-9C796C0B35FF}.Release|Any CPU.ActiveCfg = Release|Any CPU
		{57D11E5D-F037-4CC9-9DA1-9C796C0B35FF}.Release|Any CPU.Build.0 = Release|Any CPU
		{57D11E5D-F037-4CC9-9DA1-9C796C0B35FF}.Release|ARM.ActiveCfg = Release|Any CPU
		{57D11E5D-F037-4CC9-9DA1-9C796C0B35FF}.Release|ARM.Build.0 = Release|Any CPU
		{57D11E5D-F037-4CC9-9DA1-9C796C0B35FF}.Release|ARM64.ActiveCfg = Release|Any CPU
		{57D11E5D-F037-4CC9-9DA1-9C796C0B35FF}.Release|ARM64.Build.0 = Release|Any CPU
		{57D11E5D-F037-4CC9-9DA1-9C796C0B35FF}.Release|x64.ActiveCfg = Release|x64
		{57D11E5D-F037-4CC9-9DA1-9C796C0B35FF}.Release|x64.Build.0 = Release|x64
		{57D11E5D-F037-4CC9-9DA1-9C796C0B35FF}.Release|x86.ActiveCfg = Release|Any CPU
		{57D11E5D-F037-4CC9-9DA1-9C796C0B35FF}.Release|x86.Build.0 = Release|Any CPU
		{E99DD1D5-9D41-4E45-9D39-46018A1958AA}.Debug|Any CPU.ActiveCfg = Debug|Any CPU
		{E99DD1D5-9D41-4E45-9D39-46018A1958AA}.Debug|Any CPU.Build.0 = Debug|Any CPU
		{E99DD1D5-9D41-4E45-9D39-46018A1958AA}.Debug|ARM.ActiveCfg = Debug|Any CPU
		{E99DD1D5-9D41-4E45-9D39-46018A1958AA}.Debug|ARM.Build.0 = Debug|Any CPU
		{E99DD1D5-9D41-4E45-9D39-46018A1958AA}.Debug|ARM64.ActiveCfg = Debug|Any CPU
		{E99DD1D5-9D41-4E45-9D39-46018A1958AA}.Debug|ARM64.Build.0 = Debug|Any CPU
		{E99DD1D5-9D41-4E45-9D39-46018A1958AA}.Debug|x64.ActiveCfg = Debug|x64
		{E99DD1D5-9D41-4E45-9D39-46018A1958AA}.Debug|x64.Build.0 = Debug|x64
		{E99DD1D5-9D41-4E45-9D39-46018A1958AA}.Debug|x86.ActiveCfg = Debug|Any CPU
		{E99DD1D5-9D41-4E45-9D39-46018A1958AA}.Debug|x86.Build.0 = Debug|Any CPU
		{E99DD1D5-9D41-4E45-9D39-46018A1958AA}.Release|Any CPU.ActiveCfg = Release|Any CPU
		{E99DD1D5-9D41-4E45-9D39-46018A1958AA}.Release|Any CPU.Build.0 = Release|Any CPU
		{E99DD1D5-9D41-4E45-9D39-46018A1958AA}.Release|ARM.ActiveCfg = Release|Any CPU
		{E99DD1D5-9D41-4E45-9D39-46018A1958AA}.Release|ARM.Build.0 = Release|Any CPU
		{E99DD1D5-9D41-4E45-9D39-46018A1958AA}.Release|ARM64.ActiveCfg = Release|Any CPU
		{E99DD1D5-9D41-4E45-9D39-46018A1958AA}.Release|ARM64.Build.0 = Release|Any CPU
		{E99DD1D5-9D41-4E45-9D39-46018A1958AA}.Release|x64.ActiveCfg = Release|x64
		{E99DD1D5-9D41-4E45-9D39-46018A1958AA}.Release|x64.Build.0 = Release|x64
		{E99DD1D5-9D41-4E45-9D39-46018A1958AA}.Release|x86.ActiveCfg = Release|x86
		{E99DD1D5-9D41-4E45-9D39-46018A1958AA}.Release|x86.Build.0 = Release|x86
		{9A3FE6D1-8843-4406-BEBD-3D32BF235DDB}.Debug|Any CPU.ActiveCfg = Debug|Any CPU
		{9A3FE6D1-8843-4406-BEBD-3D32BF235DDB}.Debug|Any CPU.Build.0 = Debug|Any CPU
		{9A3FE6D1-8843-4406-BEBD-3D32BF235DDB}.Debug|ARM.ActiveCfg = Debug|Any CPU
		{9A3FE6D1-8843-4406-BEBD-3D32BF235DDB}.Debug|ARM.Build.0 = Debug|Any CPU
		{9A3FE6D1-8843-4406-BEBD-3D32BF235DDB}.Debug|ARM64.ActiveCfg = Debug|Any CPU
		{9A3FE6D1-8843-4406-BEBD-3D32BF235DDB}.Debug|ARM64.Build.0 = Debug|Any CPU
		{9A3FE6D1-8843-4406-BEBD-3D32BF235DDB}.Debug|x64.ActiveCfg = Debug|x64
		{9A3FE6D1-8843-4406-BEBD-3D32BF235DDB}.Debug|x64.Build.0 = Debug|x64
		{9A3FE6D1-8843-4406-BEBD-3D32BF235DDB}.Debug|x86.ActiveCfg = Debug|Any CPU
		{9A3FE6D1-8843-4406-BEBD-3D32BF235DDB}.Debug|x86.Build.0 = Debug|Any CPU
		{9A3FE6D1-8843-4406-BEBD-3D32BF235DDB}.Release|Any CPU.ActiveCfg = Release|Any CPU
		{9A3FE6D1-8843-4406-BEBD-3D32BF235DDB}.Release|Any CPU.Build.0 = Release|Any CPU
		{9A3FE6D1-8843-4406-BEBD-3D32BF235DDB}.Release|ARM.ActiveCfg = Release|Any CPU
		{9A3FE6D1-8843-4406-BEBD-3D32BF235DDB}.Release|ARM.Build.0 = Release|Any CPU
		{9A3FE6D1-8843-4406-BEBD-3D32BF235DDB}.Release|ARM64.ActiveCfg = Release|Any CPU
		{9A3FE6D1-8843-4406-BEBD-3D32BF235DDB}.Release|ARM64.Build.0 = Release|Any CPU
		{9A3FE6D1-8843-4406-BEBD-3D32BF235DDB}.Release|x64.ActiveCfg = Release|x64
		{9A3FE6D1-8843-4406-BEBD-3D32BF235DDB}.Release|x64.Build.0 = Release|x64
		{9A3FE6D1-8843-4406-BEBD-3D32BF235DDB}.Release|x86.ActiveCfg = Release|x86
		{9A3FE6D1-8843-4406-BEBD-3D32BF235DDB}.Release|x86.Build.0 = Release|x86
		{D5EF0FB7-1F2E-4E06-BFEE-103879D36519}.Debug|Any CPU.ActiveCfg = Debug|Any CPU
		{D5EF0FB7-1F2E-4E06-BFEE-103879D36519}.Debug|Any CPU.Build.0 = Debug|Any CPU
		{D5EF0FB7-1F2E-4E06-BFEE-103879D36519}.Debug|ARM.ActiveCfg = Debug|Any CPU
		{D5EF0FB7-1F2E-4E06-BFEE-103879D36519}.Debug|ARM.Build.0 = Debug|Any CPU
		{D5EF0FB7-1F2E-4E06-BFEE-103879D36519}.Debug|ARM64.ActiveCfg = Debug|Any CPU
		{D5EF0FB7-1F2E-4E06-BFEE-103879D36519}.Debug|ARM64.Build.0 = Debug|Any CPU
		{D5EF0FB7-1F2E-4E06-BFEE-103879D36519}.Debug|x64.ActiveCfg = Debug|x64
		{D5EF0FB7-1F2E-4E06-BFEE-103879D36519}.Debug|x64.Build.0 = Debug|x64
		{D5EF0FB7-1F2E-4E06-BFEE-103879D36519}.Debug|x86.ActiveCfg = Debug|Any CPU
		{D5EF0FB7-1F2E-4E06-BFEE-103879D36519}.Debug|x86.Build.0 = Debug|Any CPU
		{D5EF0FB7-1F2E-4E06-BFEE-103879D36519}.Release|Any CPU.ActiveCfg = Release|Any CPU
		{D5EF0FB7-1F2E-4E06-BFEE-103879D36519}.Release|Any CPU.Build.0 = Release|Any CPU
		{D5EF0FB7-1F2E-4E06-BFEE-103879D36519}.Release|ARM.ActiveCfg = Release|Any CPU
		{D5EF0FB7-1F2E-4E06-BFEE-103879D36519}.Release|ARM.Build.0 = Release|Any CPU
		{D5EF0FB7-1F2E-4E06-BFEE-103879D36519}.Release|ARM64.ActiveCfg = Release|Any CPU
		{D5EF0FB7-1F2E-4E06-BFEE-103879D36519}.Release|ARM64.Build.0 = Release|Any CPU
		{D5EF0FB7-1F2E-4E06-BFEE-103879D36519}.Release|x64.ActiveCfg = Release|x64
		{D5EF0FB7-1F2E-4E06-BFEE-103879D36519}.Release|x64.Build.0 = Release|x64
		{D5EF0FB7-1F2E-4E06-BFEE-103879D36519}.Release|x86.ActiveCfg = Release|x86
		{D5EF0FB7-1F2E-4E06-BFEE-103879D36519}.Release|x86.Build.0 = Release|x86
		{EAF27887-313C-4DC0-A21F-1ADDA571342E}.Debug|Any CPU.ActiveCfg = Debug|Any CPU
		{EAF27887-313C-4DC0-A21F-1ADDA571342E}.Debug|Any CPU.Build.0 = Debug|Any CPU
		{EAF27887-313C-4DC0-A21F-1ADDA571342E}.Debug|Any CPU.Deploy.0 = Debug|Any CPU
		{EAF27887-313C-4DC0-A21F-1ADDA571342E}.Debug|ARM.ActiveCfg = Debug|ARM
		{EAF27887-313C-4DC0-A21F-1ADDA571342E}.Debug|ARM.Build.0 = Debug|ARM
		{EAF27887-313C-4DC0-A21F-1ADDA571342E}.Debug|ARM.Deploy.0 = Debug|ARM
		{EAF27887-313C-4DC0-A21F-1ADDA571342E}.Debug|ARM64.ActiveCfg = Debug|ARM64
		{EAF27887-313C-4DC0-A21F-1ADDA571342E}.Debug|ARM64.Build.0 = Debug|ARM64
		{EAF27887-313C-4DC0-A21F-1ADDA571342E}.Debug|ARM64.Deploy.0 = Debug|ARM64
		{EAF27887-313C-4DC0-A21F-1ADDA571342E}.Debug|x64.ActiveCfg = Debug|x64
		{EAF27887-313C-4DC0-A21F-1ADDA571342E}.Debug|x64.Build.0 = Debug|x64
		{EAF27887-313C-4DC0-A21F-1ADDA571342E}.Debug|x64.Deploy.0 = Debug|x64
		{EAF27887-313C-4DC0-A21F-1ADDA571342E}.Debug|x86.ActiveCfg = Debug|x86
		{EAF27887-313C-4DC0-A21F-1ADDA571342E}.Debug|x86.Build.0 = Debug|x86
		{EAF27887-313C-4DC0-A21F-1ADDA571342E}.Debug|x86.Deploy.0 = Debug|x86
		{EAF27887-313C-4DC0-A21F-1ADDA571342E}.Release|Any CPU.ActiveCfg = Release|Any CPU
		{EAF27887-313C-4DC0-A21F-1ADDA571342E}.Release|Any CPU.Build.0 = Release|Any CPU
		{EAF27887-313C-4DC0-A21F-1ADDA571342E}.Release|Any CPU.Deploy.0 = Release|Any CPU
		{EAF27887-313C-4DC0-A21F-1ADDA571342E}.Release|ARM.ActiveCfg = Release|ARM
		{EAF27887-313C-4DC0-A21F-1ADDA571342E}.Release|ARM.Build.0 = Release|ARM
		{EAF27887-313C-4DC0-A21F-1ADDA571342E}.Release|ARM.Deploy.0 = Release|ARM
		{EAF27887-313C-4DC0-A21F-1ADDA571342E}.Release|ARM64.ActiveCfg = Release|ARM64
		{EAF27887-313C-4DC0-A21F-1ADDA571342E}.Release|ARM64.Build.0 = Release|ARM64
		{EAF27887-313C-4DC0-A21F-1ADDA571342E}.Release|ARM64.Deploy.0 = Release|ARM64
		{EAF27887-313C-4DC0-A21F-1ADDA571342E}.Release|x64.ActiveCfg = Release|x64
		{EAF27887-313C-4DC0-A21F-1ADDA571342E}.Release|x64.Build.0 = Release|x64
		{EAF27887-313C-4DC0-A21F-1ADDA571342E}.Release|x64.Deploy.0 = Release|x64
		{EAF27887-313C-4DC0-A21F-1ADDA571342E}.Release|x86.ActiveCfg = Release|x86
		{EAF27887-313C-4DC0-A21F-1ADDA571342E}.Release|x86.Build.0 = Release|x86
		{EAF27887-313C-4DC0-A21F-1ADDA571342E}.Release|x86.Deploy.0 = Release|x86
		{FB354698-A883-48E6-B2A1-251BFEB099F7}.Debug|Any CPU.ActiveCfg = Debug|Any CPU
		{FB354698-A883-48E6-B2A1-251BFEB099F7}.Debug|Any CPU.Build.0 = Debug|Any CPU
		{FB354698-A883-48E6-B2A1-251BFEB099F7}.Debug|ARM.ActiveCfg = Debug|Any CPU
		{FB354698-A883-48E6-B2A1-251BFEB099F7}.Debug|ARM.Build.0 = Debug|Any CPU
		{FB354698-A883-48E6-B2A1-251BFEB099F7}.Debug|ARM64.ActiveCfg = Debug|Any CPU
		{FB354698-A883-48E6-B2A1-251BFEB099F7}.Debug|ARM64.Build.0 = Debug|Any CPU
		{FB354698-A883-48E6-B2A1-251BFEB099F7}.Debug|x64.ActiveCfg = Debug|x64
		{FB354698-A883-48E6-B2A1-251BFEB099F7}.Debug|x64.Build.0 = Debug|x64
		{FB354698-A883-48E6-B2A1-251BFEB099F7}.Debug|x86.ActiveCfg = Debug|Any CPU
		{FB354698-A883-48E6-B2A1-251BFEB099F7}.Debug|x86.Build.0 = Debug|Any CPU
		{FB354698-A883-48E6-B2A1-251BFEB099F7}.Release|Any CPU.ActiveCfg = Release|Any CPU
		{FB354698-A883-48E6-B2A1-251BFEB099F7}.Release|Any CPU.Build.0 = Release|Any CPU
		{FB354698-A883-48E6-B2A1-251BFEB099F7}.Release|ARM.ActiveCfg = Release|Any CPU
		{FB354698-A883-48E6-B2A1-251BFEB099F7}.Release|ARM.Build.0 = Release|Any CPU
		{FB354698-A883-48E6-B2A1-251BFEB099F7}.Release|ARM64.ActiveCfg = Release|Any CPU
		{FB354698-A883-48E6-B2A1-251BFEB099F7}.Release|ARM64.Build.0 = Release|Any CPU
		{FB354698-A883-48E6-B2A1-251BFEB099F7}.Release|x64.ActiveCfg = Release|x64
		{FB354698-A883-48E6-B2A1-251BFEB099F7}.Release|x64.Build.0 = Release|x64
		{FB354698-A883-48E6-B2A1-251BFEB099F7}.Release|x86.ActiveCfg = Release|x86
		{FB354698-A883-48E6-B2A1-251BFEB099F7}.Release|x86.Build.0 = Release|x86
		{3DA4196B-0C6B-45DD-820B-C0018E4E3280}.Debug|Any CPU.ActiveCfg = Debug|Any CPU
		{3DA4196B-0C6B-45DD-820B-C0018E4E3280}.Debug|Any CPU.Build.0 = Debug|Any CPU
		{3DA4196B-0C6B-45DD-820B-C0018E4E3280}.Debug|Any CPU.Deploy.0 = Debug|Any CPU
		{3DA4196B-0C6B-45DD-820B-C0018E4E3280}.Debug|ARM.ActiveCfg = Debug|ARM
		{3DA4196B-0C6B-45DD-820B-C0018E4E3280}.Debug|ARM.Build.0 = Debug|ARM
		{3DA4196B-0C6B-45DD-820B-C0018E4E3280}.Debug|ARM.Deploy.0 = Debug|ARM
		{3DA4196B-0C6B-45DD-820B-C0018E4E3280}.Debug|ARM64.ActiveCfg = Debug|ARM64
		{3DA4196B-0C6B-45DD-820B-C0018E4E3280}.Debug|ARM64.Build.0 = Debug|ARM64
		{3DA4196B-0C6B-45DD-820B-C0018E4E3280}.Debug|ARM64.Deploy.0 = Debug|ARM64
		{3DA4196B-0C6B-45DD-820B-C0018E4E3280}.Debug|x64.ActiveCfg = Debug|x64
		{3DA4196B-0C6B-45DD-820B-C0018E4E3280}.Debug|x64.Build.0 = Debug|x64
		{3DA4196B-0C6B-45DD-820B-C0018E4E3280}.Debug|x64.Deploy.0 = Debug|x64
		{3DA4196B-0C6B-45DD-820B-C0018E4E3280}.Debug|x86.ActiveCfg = Debug|x86
		{3DA4196B-0C6B-45DD-820B-C0018E4E3280}.Debug|x86.Build.0 = Debug|x86
		{3DA4196B-0C6B-45DD-820B-C0018E4E3280}.Debug|x86.Deploy.0 = Debug|x86
		{3DA4196B-0C6B-45DD-820B-C0018E4E3280}.Release|Any CPU.ActiveCfg = Release|Any CPU
		{3DA4196B-0C6B-45DD-820B-C0018E4E3280}.Release|Any CPU.Build.0 = Release|Any CPU
		{3DA4196B-0C6B-45DD-820B-C0018E4E3280}.Release|Any CPU.Deploy.0 = Release|Any CPU
		{3DA4196B-0C6B-45DD-820B-C0018E4E3280}.Release|ARM.ActiveCfg = Release|ARM
		{3DA4196B-0C6B-45DD-820B-C0018E4E3280}.Release|ARM.Build.0 = Release|ARM
		{3DA4196B-0C6B-45DD-820B-C0018E4E3280}.Release|ARM.Deploy.0 = Release|ARM
		{3DA4196B-0C6B-45DD-820B-C0018E4E3280}.Release|ARM64.ActiveCfg = Release|ARM64
		{3DA4196B-0C6B-45DD-820B-C0018E4E3280}.Release|ARM64.Build.0 = Release|ARM64
		{3DA4196B-0C6B-45DD-820B-C0018E4E3280}.Release|ARM64.Deploy.0 = Release|ARM64
		{3DA4196B-0C6B-45DD-820B-C0018E4E3280}.Release|x64.ActiveCfg = Release|x64
		{3DA4196B-0C6B-45DD-820B-C0018E4E3280}.Release|x64.Build.0 = Release|x64
		{3DA4196B-0C6B-45DD-820B-C0018E4E3280}.Release|x64.Deploy.0 = Release|x64
		{3DA4196B-0C6B-45DD-820B-C0018E4E3280}.Release|x86.ActiveCfg = Release|x86
		{3DA4196B-0C6B-45DD-820B-C0018E4E3280}.Release|x86.Build.0 = Release|x86
		{3DA4196B-0C6B-45DD-820B-C0018E4E3280}.Release|x86.Deploy.0 = Release|x86
	EndGlobalSection
	GlobalSection(SolutionProperties) = preSolution
		HideSolutionNode = FALSE
	EndGlobalSection
	GlobalSection(NestedProjects) = preSolution
		{A4918C1E-BEA4-4830-AA15-6C1E2DC09301} = {F16BF214-9833-4185-AE87-308935E38FC8}
		{EC1232AB-0108-46B9-B3AE-5248E5DDB056} = {202ABF44-7893-4D01-AB30-B11CD8546100}
		{6D50F279-4CD8-4502-BE87-4EF037C2510E} = {202ABF44-7893-4D01-AB30-B11CD8546100}
		{7E4BDAD5-F1F6-46CB-81E6-F1EFA27D36FC} = {F16BF214-9833-4185-AE87-308935E38FC8}
		{EE765F80-ED77-4F42-9D43-2B90B61EF849} = {035CADBC-78D8-4B6A-9930-EBA0C167BABE}
		{45651739-6E3C-4A49-9B69-1FD2D9CFC56A} = {035CADBC-78D8-4B6A-9930-EBA0C167BABE}
		{DF37E063-C6B2-4ADF-9144-83EFC8C0761B} = {035CADBC-78D8-4B6A-9930-EBA0C167BABE}
		{B1471C7A-B271-49F7-9A4E-1E22808362A9} = {035CADBC-78D8-4B6A-9930-EBA0C167BABE}
		{7426870D-0609-4D1D-B432-C38628BC747C} = {035CADBC-78D8-4B6A-9930-EBA0C167BABE}
		{AE96A3DC-DF2B-47DF-BBB8-9B8FF39A6BE7} = {740A5F15-4D2B-43FA-BB71-CFC0EC7E35E4}
		{7B7A983D-F438-4D1F-A6E6-38D3AD80AEF6} = {3B6570B3-94D9-4D8F-A415-C8F3F0B680B5}
		{F16AC82D-2859-43DB-ABD8-F47CD6D936E8} = {76A17141-2271-46C7-80D8-84E148943E76}
		{4BDF0690-E743-441E-9CDE-576827A82A5C} = {76A17141-2271-46C7-80D8-84E148943E76}
		{1892DB95-40C4-4AE4-B7F9-2B593055E861} = {097FE73C-E898-4087-9E65-841AB8C3C042}
		{41657521-AE6C-40D1-AC2B-65AE10458990} = {097FE73C-E898-4087-9E65-841AB8C3C042}
		{A6EDABE1-B4AF-4994-BC67-56E3278F0046} = {035CADBC-78D8-4B6A-9930-EBA0C167BABE}
		{7C6E5FC5-2F7E-4684-A98A-D39C75C1B0E6} = {035CADBC-78D8-4B6A-9930-EBA0C167BABE}
		{92513AEA-0B04-4AC5-9679-8B57AD98FC73} = {035CADBC-78D8-4B6A-9930-EBA0C167BABE}
		{83E5A4B5-6DD1-47B7-9ED6-C48A9FA7F816} = {740A5F15-4D2B-43FA-BB71-CFC0EC7E35E4}
		{F15E6D62-E4E0-4D16-BB27-95EC784479B7} = {097FE73C-E898-4087-9E65-841AB8C3C042}
		{FCC5CDB0-1922-4F46-92BC-5A134DD9BAEF} = {F16BF214-9833-4185-AE87-308935E38FC8}
		{222999E1-3032-4F3A-89D1-A652A828D50B} = {F16BF214-9833-4185-AE87-308935E38FC8}
		{130CA348-E66E-405F-9527-36E61D99D15F} = {F16BF214-9833-4185-AE87-308935E38FC8}
		{3DF7229E-F345-4FF8-9279-764DBF8B73E8} = {097FE73C-E898-4087-9E65-841AB8C3C042}
		{F01FCEF9-B1AE-48C5-BE44-78B29E99E31B} = {740A5F15-4D2B-43FA-BB71-CFC0EC7E35E4}
		{1EE70124-D485-4D7B-B0B9-73FCAACE0C9D} = {09BCED6E-F8B4-4E7B-B850-A9EB76CE6CB8}
		{6D2EEAA6-449D-4C84-996A-B1F7D64C7061} = {09BCED6E-F8B4-4E7B-B850-A9EB76CE6CB8}
		{DEBFB136-318C-4807-9516-D00F743B33E5} = {3B6570B3-94D9-4D8F-A415-C8F3F0B680B5}
		{471D009D-7845-4164-A941-308738A4B41A} = {3B6570B3-94D9-4D8F-A415-C8F3F0B680B5}
		{57D11E5D-F037-4CC9-9DA1-9C796C0B35FF} = {D7893BED-216B-4EFA-B970-4387B81AF045}
		{E99DD1D5-9D41-4E45-9D39-46018A1958AA} = {D7893BED-216B-4EFA-B970-4387B81AF045}
		{9A3FE6D1-8843-4406-BEBD-3D32BF235DDB} = {D7893BED-216B-4EFA-B970-4387B81AF045}
		{D5EF0FB7-1F2E-4E06-BFEE-103879D36519} = {D7893BED-216B-4EFA-B970-4387B81AF045}
		{EAF27887-313C-4DC0-A21F-1ADDA571342E} = {3B6570B3-94D9-4D8F-A415-C8F3F0B680B5}
		{FB354698-A883-48E6-B2A1-251BFEB099F7} = {3B6570B3-94D9-4D8F-A415-C8F3F0B680B5}
		{3DA4196B-0C6B-45DD-820B-C0018E4E3280} = {3B6570B3-94D9-4D8F-A415-C8F3F0B680B5}
	EndGlobalSection
	GlobalSection(ExtensibilityGlobals) = postSolution
		SolutionGuid = {4865768B-0AD7-4582-AA59-912DEDF64F5A}
	EndGlobalSection
EndGlobal
