
Microsoft Visual Studio Solution File, Format Version 12.00
# Visual Studio Version 17
VisualStudioVersion = 17.0.31815.197
MinimumVisualStudioVersion = 10.0.40219.1
Project("{9A19103F-16F7-4668-BE54-9A1E7A4F7556}") = "LogMonitorLib", "LogMonitorLib\LogMonitorLib.csproj", "{7D41A984-130A-4058-9D42-5E850963DA9E}"
EndProject
Project("{9A19103F-16F7-4668-BE54-9A1E7A4F7556}") = "TacticalSupport", "LogMonitorWpfApp\TacticalSupport.csproj", "{7E552B71-128E-43BE-A1D8-B935B310715B}"
EndProject
Project("{9A19103F-16F7-4668-BE54-9A1E7A4F7556}") = "CI.Standard.Lib", "..\..\..\CI-DPL-IMP\Src\SharedLib\CI.Standard.Lib\CI.Standard.Lib.csproj", "{ADE7B87B-DD79-43C5-B437-0EDD3B51625E}"
EndProject
Project("{9A19103F-16F7-4668-BE54-9A1E7A4F7556}") = "CI.Visual.Lib", "..\..\..\CI-DPL-IMP\Src\SharedLib\CI.Visual.Lib\CI.Visual.Lib.csproj", "{2832550D-BE7A-40EF-80EA-26243B7F2EAC}"
EndProject
Project("{9A19103F-16F7-4668-BE54-9A1E7A4F7556}") = "StandardContracts.Lib", "..\..\..\CI-DPL-IMP\Src\SharedLib\StandardContracts.Lib\StandardContracts.Lib.csproj", "{947A78DA-D77F-4586-8851-24754E796D77}"
EndProject
Project("{9A19103F-16F7-4668-BE54-9A1E7A4F7556}") = "Ambience.Lib", "..\..\..\CI-DPL-IMP\Src\SharedLib\Ambience.Lib\Ambience.Lib.csproj", "{E23335BD-8221-4334-A6A4-3D54FB63E1E9}"
EndProject
Project("{9A19103F-16F7-4668-BE54-9A1E7A4F7556}") = "OpenAILib", "OpenAILib\OpenAILib.csproj", "{D0615BB9-B39E-487B-9E5E-8D43900999C0}"
EndProject
Project("{9A19103F-16F7-4668-BE54-9A1E7A4F7556}") = "OpenAI.ConsoleApp", "OpenAI.ConsoleApp\OpenAI.ConsoleApp.csproj", "{373955AB-0446-41E0-84E1-8E227C77B506}"
EndProject
Project("{9A19103F-16F7-4668-BE54-9A1E7A4F7556}") = "OpenAI", "OpenAI\OpenAI.csproj", "{04530D95-8AA7-4034-9729-2184E440070E}"
EndProject
Project("{2150E333-8FDC-42A3-9474-1A3956D46DE8}") = "OpenAI_", "OpenAI_", "{203BDF85-7AFB-4105-B145-71FAE4CAC4F0}"
EndProject
Project("{9A19103F-16F7-4668-BE54-9A1E7A4F7556}") = "WindowsFormsLib", "..\..\..\CI-DPL-IMP\Src\SharedLib\WindowsFormsLib\WindowsFormsLib.csproj", "{A00C2267-B5CA-4B0E-AAF2-822EBC75B068}"
EndProject
Project("{2150E333-8FDC-42A3-9474-1A3956D46DE8}") = "Externs", "Externs", "{6FBA362A-9325-4E13-A2DE-461EFBA06D4D}"
EndProject
Project("{2150E333-8FDC-42A3-9474-1A3956D46DE8}") = "LogMonitor", "LogMonitor", "{9DE7DD9E-52EA-424F-BB14-57731711CEFF}"
EndProject
Project("{FAE04EC0-301F-11D3-BF4B-00C04F79EFBC}") = "NameOrigin", "NameOrigin\NameOrigin.csproj", "{2F44B8F1-E73E-4E82-84CD-A68E1B852D79}"
EndProject
Global
	GlobalSection(SolutionConfigurationPlatforms) = preSolution
		Debug|Any CPU = Debug|Any CPU
		Debug|x64 = Debug|x64
		Debug|x86 = Debug|x86
		Release|Any CPU = Release|Any CPU
		Release|x64 = Release|x64
		Release|x86 = Release|x86
	EndGlobalSection
	GlobalSection(ProjectConfigurationPlatforms) = postSolution
		{7D41A984-130A-4058-9D42-5E850963DA9E}.Debug|Any CPU.ActiveCfg = Debug|Any CPU
		{7D41A984-130A-4058-9D42-5E850963DA9E}.Debug|Any CPU.Build.0 = Debug|Any CPU
		{7D41A984-130A-4058-9D42-5E850963DA9E}.Debug|x64.ActiveCfg = Debug|x64
		{7D41A984-130A-4058-9D42-5E850963DA9E}.Debug|x64.Build.0 = Debug|x64
		{7D41A984-130A-4058-9D42-5E850963DA9E}.Debug|x86.ActiveCfg = Debug|Any CPU
		{7D41A984-130A-4058-9D42-5E850963DA9E}.Debug|x86.Build.0 = Debug|Any CPU
		{7D41A984-130A-4058-9D42-5E850963DA9E}.Release|Any CPU.ActiveCfg = Release|Any CPU
		{7D41A984-130A-4058-9D42-5E850963DA9E}.Release|Any CPU.Build.0 = Release|Any CPU
		{7D41A984-130A-4058-9D42-5E850963DA9E}.Release|x64.ActiveCfg = Release|Any CPU
		{7D41A984-130A-4058-9D42-5E850963DA9E}.Release|x64.Build.0 = Release|Any CPU
		{7D41A984-130A-4058-9D42-5E850963DA9E}.Release|x86.ActiveCfg = Release|Any CPU
		{7D41A984-130A-4058-9D42-5E850963DA9E}.Release|x86.Build.0 = Release|Any CPU
		{7E552B71-128E-43BE-A1D8-B935B310715B}.Debug|Any CPU.ActiveCfg = Debug|Any CPU
		{7E552B71-128E-43BE-A1D8-B935B310715B}.Debug|Any CPU.Build.0 = Debug|Any CPU
		{7E552B71-128E-43BE-A1D8-B935B310715B}.Debug|x64.ActiveCfg = Debug|x64
		{7E552B71-128E-43BE-A1D8-B935B310715B}.Debug|x64.Build.0 = Debug|x64
		{7E552B71-128E-43BE-A1D8-B935B310715B}.Debug|x86.ActiveCfg = Debug|Any CPU
		{7E552B71-128E-43BE-A1D8-B935B310715B}.Debug|x86.Build.0 = Debug|Any CPU
		{7E552B71-128E-43BE-A1D8-B935B310715B}.Release|Any CPU.ActiveCfg = Release|Any CPU
		{7E552B71-128E-43BE-A1D8-B935B310715B}.Release|Any CPU.Build.0 = Release|Any CPU
		{7E552B71-128E-43BE-A1D8-B935B310715B}.Release|x64.ActiveCfg = Release|Any CPU
		{7E552B71-128E-43BE-A1D8-B935B310715B}.Release|x64.Build.0 = Release|Any CPU
		{7E552B71-128E-43BE-A1D8-B935B310715B}.Release|x86.ActiveCfg = Release|Any CPU
		{7E552B71-128E-43BE-A1D8-B935B310715B}.Release|x86.Build.0 = Release|Any CPU
		{ADE7B87B-DD79-43C5-B437-0EDD3B51625E}.Debug|Any CPU.ActiveCfg = Debug|Any CPU
		{ADE7B87B-DD79-43C5-B437-0EDD3B51625E}.Debug|Any CPU.Build.0 = Debug|Any CPU
		{ADE7B87B-DD79-43C5-B437-0EDD3B51625E}.Debug|x64.ActiveCfg = Debug|x64
		{ADE7B87B-DD79-43C5-B437-0EDD3B51625E}.Debug|x64.Build.0 = Debug|x64
		{ADE7B87B-DD79-43C5-B437-0EDD3B51625E}.Debug|x86.ActiveCfg = Debug|x86
		{ADE7B87B-DD79-43C5-B437-0EDD3B51625E}.Debug|x86.Build.0 = Debug|x86
		{ADE7B87B-DD79-43C5-B437-0EDD3B51625E}.Release|Any CPU.ActiveCfg = Release|Any CPU
		{ADE7B87B-DD79-43C5-B437-0EDD3B51625E}.Release|Any CPU.Build.0 = Release|Any CPU
		{ADE7B87B-DD79-43C5-B437-0EDD3B51625E}.Release|x64.ActiveCfg = Release|x64
		{ADE7B87B-DD79-43C5-B437-0EDD3B51625E}.Release|x64.Build.0 = Release|x64
		{ADE7B87B-DD79-43C5-B437-0EDD3B51625E}.Release|x86.ActiveCfg = Release|x86
		{ADE7B87B-DD79-43C5-B437-0EDD3B51625E}.Release|x86.Build.0 = Release|x86
		{2832550D-BE7A-40EF-80EA-26243B7F2EAC}.Debug|Any CPU.ActiveCfg = Debug|Any CPU
		{2832550D-BE7A-40EF-80EA-26243B7F2EAC}.Debug|Any CPU.Build.0 = Debug|Any CPU
		{2832550D-BE7A-40EF-80EA-26243B7F2EAC}.Debug|x64.ActiveCfg = Debug|x64
		{2832550D-BE7A-40EF-80EA-26243B7F2EAC}.Debug|x64.Build.0 = Debug|x64
		{2832550D-BE7A-40EF-80EA-26243B7F2EAC}.Debug|x86.ActiveCfg = Debug|x86
		{2832550D-BE7A-40EF-80EA-26243B7F2EAC}.Debug|x86.Build.0 = Debug|x86
		{2832550D-BE7A-40EF-80EA-26243B7F2EAC}.Release|Any CPU.ActiveCfg = Release|Any CPU
		{2832550D-BE7A-40EF-80EA-26243B7F2EAC}.Release|Any CPU.Build.0 = Release|Any CPU
		{2832550D-BE7A-40EF-80EA-26243B7F2EAC}.Release|x64.ActiveCfg = Release|x64
		{2832550D-BE7A-40EF-80EA-26243B7F2EAC}.Release|x64.Build.0 = Release|x64
		{2832550D-BE7A-40EF-80EA-26243B7F2EAC}.Release|x86.ActiveCfg = Release|x86
		{2832550D-BE7A-40EF-80EA-26243B7F2EAC}.Release|x86.Build.0 = Release|x86
		{947A78DA-D77F-4586-8851-24754E796D77}.Debug|Any CPU.ActiveCfg = Debug|Any CPU
		{947A78DA-D77F-4586-8851-24754E796D77}.Debug|Any CPU.Build.0 = Debug|Any CPU
		{947A78DA-D77F-4586-8851-24754E796D77}.Debug|x64.ActiveCfg = Debug|x64
		{947A78DA-D77F-4586-8851-24754E796D77}.Debug|x64.Build.0 = Debug|x64
		{947A78DA-D77F-4586-8851-24754E796D77}.Debug|x86.ActiveCfg = Debug|Any CPU
		{947A78DA-D77F-4586-8851-24754E796D77}.Debug|x86.Build.0 = Debug|Any CPU
		{947A78DA-D77F-4586-8851-24754E796D77}.Release|Any CPU.ActiveCfg = Release|Any CPU
		{947A78DA-D77F-4586-8851-24754E796D77}.Release|Any CPU.Build.0 = Release|Any CPU
		{947A78DA-D77F-4586-8851-24754E796D77}.Release|x64.ActiveCfg = Release|x64
		{947A78DA-D77F-4586-8851-24754E796D77}.Release|x64.Build.0 = Release|x64
		{947A78DA-D77F-4586-8851-24754E796D77}.Release|x86.ActiveCfg = Release|Any CPU
		{947A78DA-D77F-4586-8851-24754E796D77}.Release|x86.Build.0 = Release|Any CPU
		{E23335BD-8221-4334-A6A4-3D54FB63E1E9}.Debug|Any CPU.ActiveCfg = Debug|Any CPU
		{E23335BD-8221-4334-A6A4-3D54FB63E1E9}.Debug|Any CPU.Build.0 = Debug|Any CPU
		{E23335BD-8221-4334-A6A4-3D54FB63E1E9}.Debug|x64.ActiveCfg = Debug|x64
		{E23335BD-8221-4334-A6A4-3D54FB63E1E9}.Debug|x64.Build.0 = Debug|x64
		{E23335BD-8221-4334-A6A4-3D54FB63E1E9}.Debug|x86.ActiveCfg = Debug|Any CPU
		{E23335BD-8221-4334-A6A4-3D54FB63E1E9}.Debug|x86.Build.0 = Debug|Any CPU
		{E23335BD-8221-4334-A6A4-3D54FB63E1E9}.Release|Any CPU.ActiveCfg = Release|Any CPU
		{E23335BD-8221-4334-A6A4-3D54FB63E1E9}.Release|Any CPU.Build.0 = Release|Any CPU
		{E23335BD-8221-4334-A6A4-3D54FB63E1E9}.Release|x64.ActiveCfg = Release|x64
		{E23335BD-8221-4334-A6A4-3D54FB63E1E9}.Release|x64.Build.0 = Release|x64
		{E23335BD-8221-4334-A6A4-3D54FB63E1E9}.Release|x86.ActiveCfg = Release|Any CPU
		{E23335BD-8221-4334-A6A4-3D54FB63E1E9}.Release|x86.Build.0 = Release|Any CPU
		{D0615BB9-B39E-487B-9E5E-8D43900999C0}.Debug|Any CPU.ActiveCfg = Debug|Any CPU
		{D0615BB9-B39E-487B-9E5E-8D43900999C0}.Debug|Any CPU.Build.0 = Debug|Any CPU
		{D0615BB9-B39E-487B-9E5E-8D43900999C0}.Debug|x64.ActiveCfg = Debug|x64
		{D0615BB9-B39E-487B-9E5E-8D43900999C0}.Debug|x64.Build.0 = Debug|x64
		{D0615BB9-B39E-487B-9E5E-8D43900999C0}.Debug|x86.ActiveCfg = Debug|Any CPU
		{D0615BB9-B39E-487B-9E5E-8D43900999C0}.Debug|x86.Build.0 = Debug|Any CPU
		{D0615BB9-B39E-487B-9E5E-8D43900999C0}.Release|Any CPU.ActiveCfg = Release|Any CPU
		{D0615BB9-B39E-487B-9E5E-8D43900999C0}.Release|Any CPU.Build.0 = Release|Any CPU
		{D0615BB9-B39E-487B-9E5E-8D43900999C0}.Release|x64.ActiveCfg = Release|Any CPU
		{D0615BB9-B39E-487B-9E5E-8D43900999C0}.Release|x64.Build.0 = Release|Any CPU
		{D0615BB9-B39E-487B-9E5E-8D43900999C0}.Release|x86.ActiveCfg = Release|Any CPU
		{D0615BB9-B39E-487B-9E5E-8D43900999C0}.Release|x86.Build.0 = Release|Any CPU
		{373955AB-0446-41E0-84E1-8E227C77B506}.Debug|Any CPU.ActiveCfg = Debug|Any CPU
		{373955AB-0446-41E0-84E1-8E227C77B506}.Debug|Any CPU.Build.0 = Debug|Any CPU
		{373955AB-0446-41E0-84E1-8E227C77B506}.Debug|x64.ActiveCfg = Debug|x64
		{373955AB-0446-41E0-84E1-8E227C77B506}.Debug|x64.Build.0 = Debug|x64
		{373955AB-0446-41E0-84E1-8E227C77B506}.Debug|x86.ActiveCfg = Debug|Any CPU
		{373955AB-0446-41E0-84E1-8E227C77B506}.Debug|x86.Build.0 = Debug|Any CPU
		{373955AB-0446-41E0-84E1-8E227C77B506}.Release|Any CPU.ActiveCfg = Release|Any CPU
		{373955AB-0446-41E0-84E1-8E227C77B506}.Release|Any CPU.Build.0 = Release|Any CPU
		{373955AB-0446-41E0-84E1-8E227C77B506}.Release|x64.ActiveCfg = Release|Any CPU
		{373955AB-0446-41E0-84E1-8E227C77B506}.Release|x64.Build.0 = Release|Any CPU
		{373955AB-0446-41E0-84E1-8E227C77B506}.Release|x86.ActiveCfg = Release|Any CPU
		{373955AB-0446-41E0-84E1-8E227C77B506}.Release|x86.Build.0 = Release|Any CPU
		{04530D95-8AA7-4034-9729-2184E440070E}.Debug|Any CPU.ActiveCfg = Debug|Any CPU
		{04530D95-8AA7-4034-9729-2184E440070E}.Debug|Any CPU.Build.0 = Debug|Any CPU
		{04530D95-8AA7-4034-9729-2184E440070E}.Debug|x64.ActiveCfg = Debug|Any CPU
		{04530D95-8AA7-4034-9729-2184E440070E}.Debug|x64.Build.0 = Debug|Any CPU
		{04530D95-8AA7-4034-9729-2184E440070E}.Debug|x86.ActiveCfg = Debug|Any CPU
		{04530D95-8AA7-4034-9729-2184E440070E}.Debug|x86.Build.0 = Debug|Any CPU
		{04530D95-8AA7-4034-9729-2184E440070E}.Release|Any CPU.ActiveCfg = Release|Any CPU
		{04530D95-8AA7-4034-9729-2184E440070E}.Release|Any CPU.Build.0 = Release|Any CPU
		{04530D95-8AA7-4034-9729-2184E440070E}.Release|x64.ActiveCfg = Release|Any CPU
		{04530D95-8AA7-4034-9729-2184E440070E}.Release|x64.Build.0 = Release|Any CPU
		{04530D95-8AA7-4034-9729-2184E440070E}.Release|x86.ActiveCfg = Release|Any CPU
		{04530D95-8AA7-4034-9729-2184E440070E}.Release|x86.Build.0 = Release|Any CPU
		{A00C2267-B5CA-4B0E-AAF2-822EBC75B068}.Debug|Any CPU.ActiveCfg = Debug|Any CPU
		{A00C2267-B5CA-4B0E-AAF2-822EBC75B068}.Debug|Any CPU.Build.0 = Debug|Any CPU
		{A00C2267-B5CA-4B0E-AAF2-822EBC75B068}.Debug|x64.ActiveCfg = Debug|x64
		{A00C2267-B5CA-4B0E-AAF2-822EBC75B068}.Debug|x64.Build.0 = Debug|x64
		{A00C2267-B5CA-4B0E-AAF2-822EBC75B068}.Debug|x86.ActiveCfg = Debug|x86
		{A00C2267-B5CA-4B0E-AAF2-822EBC75B068}.Debug|x86.Build.0 = Debug|x86
		{A00C2267-B5CA-4B0E-AAF2-822EBC75B068}.Release|Any CPU.ActiveCfg = Release|Any CPU
		{A00C2267-B5CA-4B0E-AAF2-822EBC75B068}.Release|Any CPU.Build.0 = Release|Any CPU
		{A00C2267-B5CA-4B0E-AAF2-822EBC75B068}.Release|x64.ActiveCfg = Release|x64
		{A00C2267-B5CA-4B0E-AAF2-822EBC75B068}.Release|x64.Build.0 = Release|x64
		{A00C2267-B5CA-4B0E-AAF2-822EBC75B068}.Release|x86.ActiveCfg = Release|x86
		{A00C2267-B5CA-4B0E-AAF2-822EBC75B068}.Release|x86.Build.0 = Release|x86
		{2F44B8F1-E73E-4E82-84CD-A68E1B852D79}.Debug|Any CPU.ActiveCfg = Debug|Any CPU
		{2F44B8F1-E73E-4E82-84CD-A68E1B852D79}.Debug|Any CPU.Build.0 = Debug|Any CPU
		{2F44B8F1-E73E-4E82-84CD-A68E1B852D79}.Debug|x64.ActiveCfg = Debug|Any CPU
		{2F44B8F1-E73E-4E82-84CD-A68E1B852D79}.Debug|x64.Build.0 = Debug|Any CPU
		{2F44B8F1-E73E-4E82-84CD-A68E1B852D79}.Debug|x86.ActiveCfg = Debug|Any CPU
		{2F44B8F1-E73E-4E82-84CD-A68E1B852D79}.Debug|x86.Build.0 = Debug|Any CPU
		{2F44B8F1-E73E-4E82-84CD-A68E1B852D79}.Release|Any CPU.ActiveCfg = Release|Any CPU
		{2F44B8F1-E73E-4E82-84CD-A68E1B852D79}.Release|Any CPU.Build.0 = Release|Any CPU
		{2F44B8F1-E73E-4E82-84CD-A68E1B852D79}.Release|x64.ActiveCfg = Release|Any CPU
		{2F44B8F1-E73E-4E82-84CD-A68E1B852D79}.Release|x64.Build.0 = Release|Any CPU
		{2F44B8F1-E73E-4E82-84CD-A68E1B852D79}.Release|x86.ActiveCfg = Release|Any CPU
		{2F44B8F1-E73E-4E82-84CD-A68E1B852D79}.Release|x86.Build.0 = Release|Any CPU
	EndGlobalSection
	GlobalSection(SolutionProperties) = preSolution
		HideSolutionNode = FALSE
	EndGlobalSection
	GlobalSection(NestedProjects) = preSolution
		{7D41A984-130A-4058-9D42-5E850963DA9E} = {9DE7DD9E-52EA-424F-BB14-57731711CEFF}
		{ADE7B87B-DD79-43C5-B437-0EDD3B51625E} = {6FBA362A-9325-4E13-A2DE-461EFBA06D4D}
		{2832550D-BE7A-40EF-80EA-26243B7F2EAC} = {6FBA362A-9325-4E13-A2DE-461EFBA06D4D}
		{947A78DA-D77F-4586-8851-24754E796D77} = {6FBA362A-9325-4E13-A2DE-461EFBA06D4D}
		{E23335BD-8221-4334-A6A4-3D54FB63E1E9} = {6FBA362A-9325-4E13-A2DE-461EFBA06D4D}
		{D0615BB9-B39E-487B-9E5E-8D43900999C0} = {203BDF85-7AFB-4105-B145-71FAE4CAC4F0}
		{373955AB-0446-41E0-84E1-8E227C77B506} = {203BDF85-7AFB-4105-B145-71FAE4CAC4F0}
		{A00C2267-B5CA-4B0E-AAF2-822EBC75B068} = {6FBA362A-9325-4E13-A2DE-461EFBA06D4D}
	EndGlobalSection
	GlobalSection(ExtensibilityGlobals) = postSolution
		SolutionGuid = {09C388B0-A1D2-43A9-A109-DEB87B4DE36C}
	EndGlobalSection
EndGlobal
